Microsoft Visual Studio Solution File, Format Version 8.00
Project("{8BC9CEB8-8B4A-11D0-8D11-00A0C91BC942}") = "sipXezPhone", "sipXezPhone.vcproj", "{F0EBB1F7-CA6B-4201-976E-4CF7D0A19BA1}"
	ProjectSection(ProjectDependencies) = postProject
		{4DAA610E-5A39-4BE9-9A46-527C1BB08AA8} = {4DAA610E-5A39-4BE9-9A46-527C1BB08AA8}
	EndProjectSection
EndProject
Project("{8BC9CEB8-8B4A-11D0-8D11-00A0C91BC942}") = "sipXmediaLib", "..\..\..\sipXmediaLib\sipXmediaLib.vcproj", "{6276121C-97A0-42E7-8D7A-355489A7F8DB}"
	ProjectSection(ProjectDependencies) = postProject
	EndProjectSection
EndProject
Project("{8BC9CEB8-8B4A-11D0-8D11-00A0C91BC942}") = "sipXportLib", "..\..\..\sipXportLib\sipXportLib.vcproj", "{ABFD2AD0-01D2-4405-A5AD-46DA2274E42F}"
	ProjectSection(ProjectDependencies) = postProject
	EndProjectSection
EndProject
Project("{8BC9CEB8-8B4A-11D0-8D11-00A0C91BC942}") = "sipXcallLib", "..\..\sipXcallLib.vcproj", "{B03A87CD-973C-4D87-9754-A0B6755115B7}"
	ProjectSection(ProjectDependencies) = postProject
	EndProjectSection
EndProject
Project("{8BC9CEB8-8B4A-11D0-8D11-00A0C91BC942}") = "sipXtapi", "..\..\sipXtapi.vcproj", "{4DAA610E-5A39-4BE9-9A46-527C1BB08AA8}"
	ProjectSection(ProjectDependencies) = postProject
	EndProjectSection
EndProject
Project("{8BC9CEB8-8B4A-11D0-8D11-00A0C91BC942}") = "sipXtackLib", "..\..\..\sipXtackLib\sipXtackLib.vcproj", "{E1BC3155-DDD0-4078-9444-33CDE2B5714C}"
	ProjectSection(ProjectDependencies) = postProject
	EndProjectSection
EndProject
Global
	GlobalSection(SolutionConfiguration) = preSolution
		Debug = Debug
		Debug_sipXtackLib_TAPI = Debug_sipXtackLib_TAPI
		Release = Release
		Release_sipXtackLib_TAPI = Release_sipXtackLib_TAPI
		sipXcallLib TAPI Debug = sipXcallLib TAPI Debug
		sipXcallLib TAPI Release = sipXcallLib TAPI Release
	EndGlobalSection
	GlobalSection(ProjectConfiguration) = postSolution
		{F0EBB1F7-CA6B-4201-976E-4CF7D0A19BA1}.Debug.ActiveCfg = Debug|Win32
		{F0EBB1F7-CA6B-4201-976E-4CF7D0A19BA1}.Debug.Build.0 = Debug|Win32
		{F0EBB1F7-CA6B-4201-976E-4CF7D0A19BA1}.Debug_sipXtackLib_TAPI.ActiveCfg = Debug|Win32
		{F0EBB1F7-CA6B-4201-976E-4CF7D0A19BA1}.Debug_sipXtackLib_TAPI.Build.0 = Debug|Win32
		{F0EBB1F7-CA6B-4201-976E-4CF7D0A19BA1}.Release.ActiveCfg = Release|Win32
		{F0EBB1F7-CA6B-4201-976E-4CF7D0A19BA1}.Release.Build.0 = Release|Win32
		{F0EBB1F7-CA6B-4201-976E-4CF7D0A19BA1}.Release_sipXtackLib_TAPI.ActiveCfg = Release|Win32
		{F0EBB1F7-CA6B-4201-976E-4CF7D0A19BA1}.Release_sipXtackLib_TAPI.Build.0 = Release|Win32
		{F0EBB1F7-CA6B-4201-976E-4CF7D0A19BA1}.sipXcallLib TAPI Debug.ActiveCfg = Debug|Win32
		{F0EBB1F7-CA6B-4201-976E-4CF7D0A19BA1}.sipXcallLib TAPI Debug.Build.0 = Debug|Win32
		{F0EBB1F7-CA6B-4201-976E-4CF7D0A19BA1}.sipXcallLib TAPI Release.ActiveCfg = Release|Win32
		{F0EBB1F7-CA6B-4201-976E-4CF7D0A19BA1}.sipXcallLib TAPI Release.Build.0 = Release|Win32
		{6276121C-97A0-42E7-8D7A-355489A7F8DB}.Debug.ActiveCfg = Debug|Win32
		{6276121C-97A0-42E7-8D7A-355489A7F8DB}.Debug.Build.0 = Debug|Win32
		{6276121C-97A0-42E7-8D7A-355489A7F8DB}.Debug_sipXtackLib_TAPI.ActiveCfg = Debug|Win32
		{6276121C-97A0-42E7-8D7A-355489A7F8DB}.Debug_sipXtackLib_TAPI.Build.0 = Debug|Win32
		{6276121C-97A0-42E7-8D7A-355489A7F8DB}.Release.ActiveCfg = Release|Win32
		{6276121C-97A0-42E7-8D7A-355489A7F8DB}.Release.Build.0 = Release|Win32
		{6276121C-97A0-42E7-8D7A-355489A7F8DB}.Release_sipXtackLib_TAPI.ActiveCfg = Release|Win32
		{6276121C-97A0-42E7-8D7A-355489A7F8DB}.Release_sipXtackLib_TAPI.Build.0 = Release|Win32
		{6276121C-97A0-42E7-8D7A-355489A7F8DB}.sipXcallLib TAPI Debug.ActiveCfg = Debug|Win32
		{6276121C-97A0-42E7-8D7A-355489A7F8DB}.sipXcallLib TAPI Debug.Build.0 = Debug|Win32
		{6276121C-97A0-42E7-8D7A-355489A7F8DB}.sipXcallLib TAPI Release.ActiveCfg = Release|Win32
		{6276121C-97A0-42E7-8D7A-355489A7F8DB}.sipXcallLib TAPI Release.Build.0 = Release|Win32
		{ABFD2AD0-01D2-4405-A5AD-46DA2274E42F}.Debug.ActiveCfg = Debug|Win32
		{ABFD2AD0-01D2-4405-A5AD-46DA2274E42F}.Debug.Build.0 = Debug|Win32
		{ABFD2AD0-01D2-4405-A5AD-46DA2274E42F}.Debug_sipXtackLib_TAPI.ActiveCfg = Debug|Win32
		{ABFD2AD0-01D2-4405-A5AD-46DA2274E42F}.Debug_sipXtackLib_TAPI.Build.0 = Debug|Win32
		{ABFD2AD0-01D2-4405-A5AD-46DA2274E42F}.Release.ActiveCfg = Release|Win32
		{ABFD2AD0-01D2-4405-A5AD-46DA2274E42F}.Release.Build.0 = Release|Win32
		{ABFD2AD0-01D2-4405-A5AD-46DA2274E42F}.Release_sipXtackLib_TAPI.ActiveCfg = Release|Win32
		{ABFD2AD0-01D2-4405-A5AD-46DA2274E42F}.Release_sipXtackLib_TAPI.Build.0 = Release|Win32
		{ABFD2AD0-01D2-4405-A5AD-46DA2274E42F}.sipXcallLib TAPI Debug.ActiveCfg = Debug|Win32
		{ABFD2AD0-01D2-4405-A5AD-46DA2274E42F}.sipXcallLib TAPI Debug.Build.0 = Debug|Win32
		{ABFD2AD0-01D2-4405-A5AD-46DA2274E42F}.sipXcallLib TAPI Release.ActiveCfg = Release|Win32
		{ABFD2AD0-01D2-4405-A5AD-46DA2274E42F}.sipXcallLib TAPI Release.Build.0 = Release|Win32
		{B03A87CD-973C-4D87-9754-A0B6755115B7}.Debug.ActiveCfg = Debug|Win32
		{B03A87CD-973C-4D87-9754-A0B6755115B7}.Debug.Build.0 = Debug|Win32
		{B03A87CD-973C-4D87-9754-A0B6755115B7}.Debug_sipXtackLib_TAPI.ActiveCfg = Debug|Win32
		{B03A87CD-973C-4D87-9754-A0B6755115B7}.Debug_sipXtackLib_TAPI.Build.0 = Debug|Win32
		{B03A87CD-973C-4D87-9754-A0B6755115B7}.Release.ActiveCfg = Release|Win32
		{B03A87CD-973C-4D87-9754-A0B6755115B7}.Release.Build.0 = Release|Win32
		{B03A87CD-973C-4D87-9754-A0B6755115B7}.Release_sipXtackLib_TAPI.ActiveCfg = Release|Win32
		{B03A87CD-973C-4D87-9754-A0B6755115B7}.Release_sipXtackLib_TAPI.Build.0 = Release|Win32
		{B03A87CD-973C-4D87-9754-A0B6755115B7}.sipXcallLib TAPI Debug.ActiveCfg = Debug|Win32
		{B03A87CD-973C-4D87-9754-A0B6755115B7}.sipXcallLib TAPI Debug.Build.0 = Debug|Win32
		{B03A87CD-973C-4D87-9754-A0B6755115B7}.sipXcallLib TAPI Release.ActiveCfg = Release|Win32
		{B03A87CD-973C-4D87-9754-A0B6755115B7}.sipXcallLib TAPI Release.Build.0 = Release|Win32
		{4DAA610E-5A39-4BE9-9A46-527C1BB08AA8}.Debug.ActiveCfg = Debug|Win32
		{4DAA610E-5A39-4BE9-9A46-527C1BB08AA8}.Debug.Build.0 = Debug|Win32
		{4DAA610E-5A39-4BE9-9A46-527C1BB08AA8}.Debug_sipXtackLib_TAPI.ActiveCfg = Debug|Win32
		{4DAA610E-5A39-4BE9-9A46-527C1BB08AA8}.Debug_sipXtackLib_TAPI.Build.0 = Debug|Win32
		{4DAA610E-5A39-4BE9-9A46-527C1BB08AA8}.Release.ActiveCfg = Release|Win32
		{4DAA610E-5A39-4BE9-9A46-527C1BB08AA8}.Release.Build.0 = Release|Win32
		{4DAA610E-5A39-4BE9-9A46-527C1BB08AA8}.Release_sipXtackLib_TAPI.ActiveCfg = Release|Win32
		{4DAA610E-5A39-4BE9-9A46-527C1BB08AA8}.Release_sipXtackLib_TAPI.Build.0 = Release|Win32
		{4DAA610E-5A39-4BE9-9A46-527C1BB08AA8}.sipXcallLib TAPI Debug.ActiveCfg = Debug|Win32
		{4DAA610E-5A39-4BE9-9A46-527C1BB08AA8}.sipXcallLib TAPI Debug.Build.0 = Debug|Win32
		{4DAA610E-5A39-4BE9-9A46-527C1BB08AA8}.sipXcallLib TAPI Release.ActiveCfg = Release|Win32
		{4DAA610E-5A39-4BE9-9A46-527C1BB08AA8}.sipXcallLib TAPI Release.Build.0 = Release|Win32
		{E1BC3155-DDD0-4078-9444-33CDE2B5714C}.Debug.ActiveCfg = Debug|Win32
		{E1BC3155-DDD0-4078-9444-33CDE2B5714C}.Debug.Build.0 = Debug|Win32
		{E1BC3155-DDD0-4078-9444-33CDE2B5714C}.Debug_sipXtackLib_TAPI.ActiveCfg = Debug|Win32
		{E1BC3155-DDD0-4078-9444-33CDE2B5714C}.Debug_sipXtackLib_TAPI.Build.0 = Debug|Win32
		{E1BC3155-DDD0-4078-9444-33CDE2B5714C}.Release.ActiveCfg = Release|Win32
		{E1BC3155-DDD0-4078-9444-33CDE2B5714C}.Release.Build.0 = Release|Win32
		{E1BC3155-DDD0-4078-9444-33CDE2B5714C}.Release_sipXtackLib_TAPI.ActiveCfg = Release|Win32
		{E1BC3155-DDD0-4078-9444-33CDE2B5714C}.Release_sipXtackLib_TAPI.Build.0 = Release|Win32
		{E1BC3155-DDD0-4078-9444-33CDE2B5714C}.sipXcallLib TAPI Debug.ActiveCfg = Debug|Win32
		{E1BC3155-DDD0-4078-9444-33CDE2B5714C}.sipXcallLib TAPI Debug.Build.0 = Debug|Win32
		{E1BC3155-DDD0-4078-9444-33CDE2B5714C}.sipXcallLib TAPI Release.ActiveCfg = Release|Win32
		{E1BC3155-DDD0-4078-9444-33CDE2B5714C}.sipXcallLib TAPI Release.Build.0 = Release|Win32
	EndGlobalSection
	GlobalSection(SolutionItems) = postSolution
	EndGlobalSection
	GlobalSection(ExtensibilityGlobals) = postSolution
	EndGlobalSection
	GlobalSection(ExtensibilityAddIns) = postSolution
	EndGlobalSection
EndGlobal
