Microsoft Visual Studio Solution File, Format Version 8.00
Project("{8BC9CEB8-8B4A-11D0-8D11-00A0C91BC942}") = "sipXsdpLib", "sipXsdpLib\sipXsdpLib-msvc71.vcproj", "{54B35539-700F-47A5-86D0-8C000D343486}"
	ProjectSection(ProjectDependencies) = postProject
		{116B1CB9-9FBE-4622-9776-9EE35F3BB83B} = {116B1CB9-9FBE-4622-9776-9EE35F3BB83B}
	EndProjectSection
EndProject
Project("{8BC9CEB8-8B4A-11D0-8D11-00A0C91BC942}") = "sipXportLib", "sipXportLib\sipXportLib-msvc71.vcproj", "{116B1CB9-9FBE-4622-9776-9EE35F3BB83B}"
	ProjectSection(ProjectDependencies) = postProject
	EndProjectSection
EndProject
Project("{8BC9CEB8-8B4A-11D0-8D11-00A0C91BC942}") = "sipXmediaPluginMgr", "sipXmediaPluginMgr\sipXmediaPluginMgr.vcproj", "{F62230B9-BED5-40D2-BCE4-2CD0DBDCB127}"
	ProjectSection(ProjectDependencies) = postProject
	EndProjectSection
EndProject
Project("{8BC9CEB8-8B4A-11D0-8D11-00A0C91BC942}") = "sipXtackLib", "sipXtackLib\sipXtackLib-msvc71.vcproj", "{F68F8C4E-D669-45A0-8770-2A24C11DA79E}"
	ProjectSection(ProjectDependencies) = postProject
	EndProjectSection
EndProject
Project("{8BC9CEB8-8B4A-11D0-8D11-00A0C91BC942}") = "sipXmediaVoiceEngine", "sipXmediaVoiceEngine\sipXmediaVoiceEngine.vcproj", "{BE83CF34-2B62-4151-8A0F-20BB7F010728}"
	ProjectSection(ProjectDependencies) = postProject
		{54B35539-700F-47A5-86D0-8C000D343486} = {54B35539-700F-47A5-86D0-8C000D343486}
		{F68F8C4E-D669-45A0-8770-2A24C11DA79E} = {F68F8C4E-D669-45A0-8770-2A24C11DA79E}
		{116B1CB9-9FBE-4622-9776-9EE35F3BB83B} = {116B1CB9-9FBE-4622-9776-9EE35F3BB83B}
		{F62230B9-BED5-40D2-BCE4-2CD0DBDCB127} = {F62230B9-BED5-40D2-BCE4-2CD0DBDCB127}
	EndProjectSection
EndProject
Global
	GlobalSection(SolutionConfiguration) = preSolution
		Debug = Debug
		Release = Release
	EndGlobalSection
	GlobalSection(ProjectDependencies) = postSolution
	EndGlobalSection
	GlobalSection(ProjectConfiguration) = postSolution
		{54B35539-700F-47A5-86D0-8C000D343486}.Debug.ActiveCfg = Debug|Win32
		{54B35539-700F-47A5-86D0-8C000D343486}.Debug.Build.0 = Debug|Win32
		{54B35539-700F-47A5-86D0-8C000D343486}.Release.ActiveCfg = Release|Win32
		{54B35539-700F-47A5-86D0-8C000D343486}.Release.Build.0 = Release|Win32
		{116B1CB9-9FBE-4622-9776-9EE35F3BB83B}.Debug.ActiveCfg = Debug|Win32
		{116B1CB9-9FBE-4622-9776-9EE35F3BB83B}.Debug.Build.0 = Debug|Win32
		{116B1CB9-9FBE-4622-9776-9EE35F3BB83B}.Release.ActiveCfg = Release|Win32
		{116B1CB9-9FBE-4622-9776-9EE35F3BB83B}.Release.Build.0 = Release|Win32
		{F62230B9-BED5-40D2-BCE4-2CD0DBDCB127}.Debug.ActiveCfg = Debug|Win32
		{F62230B9-BED5-40D2-BCE4-2CD0DBDCB127}.Debug.Build.0 = Debug|Win32
		{F62230B9-BED5-40D2-BCE4-2CD0DBDCB127}.Release.ActiveCfg = Release|Win32
		{F62230B9-BED5-40D2-BCE4-2CD0DBDCB127}.Release.Build.0 = Release|Win32
		{F68F8C4E-D669-45A0-8770-2A24C11DA79E}.Debug.ActiveCfg = Debug|Win32
		{F68F8C4E-D669-45A0-8770-2A24C11DA79E}.Debug.Build.0 = Debug|Win32
		{F68F8C4E-D669-45A0-8770-2A24C11DA79E}.Release.ActiveCfg = Release|Win32
		{F68F8C4E-D669-45A0-8770-2A24C11DA79E}.Release.Build.0 = Release|Win32
		{BE83CF34-2B62-4151-8A0F-20BB7F010728}.Debug.ActiveCfg = Debug|Win32
		{BE83CF34-2B62-4151-8A0F-20BB7F010728}.Debug.Build.0 = Debug|Win32
		{BE83CF34-2B62-4151-8A0F-20BB7F010728}.Release.ActiveCfg = Release|Win32
		{BE83CF34-2B62-4151-8A0F-20BB7F010728}.Release.Build.0 = Release|Win32
	EndGlobalSection
	GlobalSection(ExtensibilityGlobals) = postSolution
	EndGlobalSection
	GlobalSection(ExtensibilityAddIns) = postSolution
	EndGlobalSection
EndGlobal
