Microsoft Visual Studio Solution File, Format Version 8.00
Project("{8BC9CEB8-8B4A-11D0-8D11-00A0C91BC942}") = "sipXmediaLib", "sipXmediaLib\sipXmediaLib-msvc71.vcproj", "{8D1BEA40-FC71-4A78-B060-AF180655397A}"
	ProjectSection(ProjectDependencies) = postProject
		{F68F8C4E-D669-45A0-8770-2A24C11DA79E} = {F68F8C4E-D669-45A0-8770-2A24C11DA79E}
	EndProjectSection
EndProject
Project("{8BC9CEB8-8B4A-11D0-8D11-00A0C91BC942}") = "sipXtackLib", "sipXtackLib\sipXtackLib-msvc71.vcproj", "{F68F8C4E-D669-45A0-8770-2A24C11DA79E}"
	ProjectSection(ProjectDependencies) = postProject
	EndProjectSection
EndProject
Project("{8BC9CEB8-8B4A-11D0-8D11-00A0C91BC942}") = "libspeex", "sipXmediaLib\contrib\libspeex\win32\VS2003\libspeex\libspeex.vcproj", "{E972C52F-9E85-4D65-B19C-031E511E9DB4}"
	ProjectSection(ProjectDependencies) = postProject
	EndProjectSection
EndProject
Global
	GlobalSection(SolutionConfiguration) = preSolution
		Debug = Debug
		Release = Release
		Release_Dynamic_SSE = Release_Dynamic_SSE
		Release_Static_SSE = Release_Static_SSE
	EndGlobalSection
	GlobalSection(ProjectConfiguration) = postSolution
		{8D1BEA40-FC71-4A78-B060-AF180655397A}.Debug.ActiveCfg = Debug|Win32
		{8D1BEA40-FC71-4A78-B060-AF180655397A}.Debug.Build.0 = Debug|Win32
		{8D1BEA40-FC71-4A78-B060-AF180655397A}.Release.ActiveCfg = Release|Win32
		{8D1BEA40-FC71-4A78-B060-AF180655397A}.Release.Build.0 = Release|Win32
		{8D1BEA40-FC71-4A78-B060-AF180655397A}.Release_Dynamic_SSE.ActiveCfg = Release|Win32
		{8D1BEA40-FC71-4A78-B060-AF180655397A}.Release_Dynamic_SSE.Build.0 = Release|Win32
		{8D1BEA40-FC71-4A78-B060-AF180655397A}.Release_Static_SSE.ActiveCfg = Release|Win32
		{8D1BEA40-FC71-4A78-B060-AF180655397A}.Release_Static_SSE.Build.0 = Release|Win32
		{F68F8C4E-D669-45A0-8770-2A24C11DA79E}.Debug.ActiveCfg = Debug|Win32
		{F68F8C4E-D669-45A0-8770-2A24C11DA79E}.Debug.Build.0 = Debug|Win32
		{F68F8C4E-D669-45A0-8770-2A24C11DA79E}.Release.ActiveCfg = Release|Win32
		{F68F8C4E-D669-45A0-8770-2A24C11DA79E}.Release.Build.0 = Release|Win32
		{F68F8C4E-D669-45A0-8770-2A24C11DA79E}.Release_Dynamic_SSE.ActiveCfg = Release|Win32
		{F68F8C4E-D669-45A0-8770-2A24C11DA79E}.Release_Dynamic_SSE.Build.0 = Release|Win32
		{F68F8C4E-D669-45A0-8770-2A24C11DA79E}.Release_Static_SSE.ActiveCfg = Release|Win32
		{F68F8C4E-D669-45A0-8770-2A24C11DA79E}.Release_Static_SSE.Build.0 = Release|Win32
		{E972C52F-9E85-4D65-B19C-031E511E9DB4}.Debug.ActiveCfg = Debug|Win32
		{E972C52F-9E85-4D65-B19C-031E511E9DB4}.Debug.Build.0 = Debug|Win32
		{E972C52F-9E85-4D65-B19C-031E511E9DB4}.Release.ActiveCfg = Release|Win32
		{E972C52F-9E85-4D65-B19C-031E511E9DB4}.Release.Build.0 = Release|Win32
		{E972C52F-9E85-4D65-B19C-031E511E9DB4}.Release_Dynamic_SSE.ActiveCfg = Release_Dynamic_SSE|Win32
		{E972C52F-9E85-4D65-B19C-031E511E9DB4}.Release_Dynamic_SSE.Build.0 = Release_Dynamic_SSE|Win32
		{E972C52F-9E85-4D65-B19C-031E511E9DB4}.Release_Static_SSE.ActiveCfg = Release_Static_SSE|Win32
		{E972C52F-9E85-4D65-B19C-031E511E9DB4}.Release_Static_SSE.Build.0 = Release_Static_SSE|Win32
	EndGlobalSection
	GlobalSection(ExtensibilityGlobals) = postSolution
	EndGlobalSection
	GlobalSection(ExtensibilityAddIns) = postSolution
	EndGlobalSection
EndGlobal
