
Microsoft Visual Studio Solution File, Format Version 9.00
# Visual Studio 2005
Project("{8BC9CEB8-8B4A-11D0-8D11-00A0C91BC942}") = "sipXportLib-msvc8", "sipXportLib\sipXportLib-msvc8.vcproj", "{14631055-9D3F-47E5-B6A7-16BFC0CC8091}"
EndProject
Project("{8BC9CEB8-8B4A-11D0-8D11-00A0C91BC942}") = "sipXportLibTest-msvc8", "sipXportLib\sipXportLibTest-msvc8.vcproj", "{AB8F7343-BC81-4077-B1A5-37CA389FCA93}"
	ProjectSection(ProjectDependencies) = postProject
		{DB95F825-45EE-4D62-825D-F337E2210B01} = {DB95F825-45EE-4D62-825D-F337E2210B01}
		{14631055-9D3F-47E5-B6A7-16BFC0CC8091} = {14631055-9D3F-47E5-B6A7-16BFC0CC8091}
	EndProjectSection
EndProject
Project("{8BC9CEB8-8B4A-11D0-8D11-00A0C91BC942}") = "sipXtackLib-msvc8", "sipXtackLib\sipXtackLib-msvc8.vcproj", "{0D0CE4BC-3884-4ABE-9795-8CCA6C3BC646}"
EndProject
Project("{8BC9CEB8-8B4A-11D0-8D11-00A0C91BC942}") = "sipXtackLibTest-msvc8", "sipXtackLib\sipXtackLibTest-msvc8.vcproj", "{D7CB9BA0-29DB-421E-A0CC-0FF3EFECFBE8}"
	ProjectSection(ProjectDependencies) = postProject
		{0D0CE4BC-3884-4ABE-9795-8CCA6C3BC646} = {0D0CE4BC-3884-4ABE-9795-8CCA6C3BC646}
		{E1D81EA9-4AC3-4CF5-B600-090FD822B1F6} = {E1D81EA9-4AC3-4CF5-B600-090FD822B1F6}
		{14631055-9D3F-47E5-B6A7-16BFC0CC8091} = {14631055-9D3F-47E5-B6A7-16BFC0CC8091}
		{DB95F825-45EE-4D62-825D-F337E2210B01} = {DB95F825-45EE-4D62-825D-F337E2210B01}
	EndProjectSection
EndProject
Project("{8BC9CEB8-8B4A-11D0-8D11-00A0C91BC942}") = "sipXmediaLib-msvc8", "sipXmediaLib\sipXmediaLib-msvc8.vcproj", "{0EC8287A-481E-45DC-8F95-BAD940AE1038}"
	ProjectSection(ProjectDependencies) = postProject
		{6442C7DE-E500-4BA2-B821-98092F1EDCAF} = {6442C7DE-E500-4BA2-B821-98092F1EDCAF}
		{8AE1AB5C-9815-42D8-9A09-0B4F1E64B4BB} = {8AE1AB5C-9815-42D8-9A09-0B4F1E64B4BB}
		{A9C94D26-C90D-4860-8195-56929E893757} = {A9C94D26-C90D-4860-8195-56929E893757}
		{4F7FDA11-42A4-4556-A631-15AA785CD1C1} = {4F7FDA11-42A4-4556-A631-15AA785CD1C1}
		{F3BCA14E-F24D-4570-833E-8C20C4C393F7} = {F3BCA14E-F24D-4570-833E-8C20C4C393F7}
	EndProjectSection
EndProject
Project("{8BC9CEB8-8B4A-11D0-8D11-00A0C91BC942}") = "sipXmediaLibTest-msvc8", "sipXmediaLib\sipXmediaLibTest-msvc8.vcproj", "{41C4FC22-37B1-4792-AB3A-FA2B81BE4B0A}"
	ProjectSection(ProjectDependencies) = postProject
		{DB95F825-45EE-4D62-825D-F337E2210B01} = {DB95F825-45EE-4D62-825D-F337E2210B01}
		{14631055-9D3F-47E5-B6A7-16BFC0CC8091} = {14631055-9D3F-47E5-B6A7-16BFC0CC8091}
		{0EC8287A-481E-45DC-8F95-BAD940AE1038} = {0EC8287A-481E-45DC-8F95-BAD940AE1038}
		{E1D81EA9-4AC3-4CF5-B600-090FD822B1F6} = {E1D81EA9-4AC3-4CF5-B600-090FD822B1F6}
		{0D0CE4BC-3884-4ABE-9795-8CCA6C3BC646} = {0D0CE4BC-3884-4ABE-9795-8CCA6C3BC646}
	EndProjectSection
EndProject
Project("{8BC9CEB8-8B4A-11D0-8D11-00A0C91BC942}") = "sipXmediaAdapterLib-msvc8", "sipXmediaAdapterLib\sipXmediaAdapterLib-msvc8.vcproj", "{9501C518-8693-42F3-86A4-39B14983EC6C}"
EndProject
Project("{8BC9CEB8-8B4A-11D0-8D11-00A0C91BC942}") = "sipXmediaAdapterLibTest-msvc8", "sipXmediaAdapterLib\sipXmediaAdapterLibTest-msvc8.vcproj", "{4D2F60E7-A4A4-4429-A640-2894F33824CA}"
	ProjectSection(ProjectDependencies) = postProject
		{993B6878-2EA7-49E0-AC6E-28C68592724B} = {993B6878-2EA7-49E0-AC6E-28C68592724B}
		{9501C518-8693-42F3-86A4-39B14983EC6C} = {9501C518-8693-42F3-86A4-39B14983EC6C}
		{DB95F825-45EE-4D62-825D-F337E2210B01} = {DB95F825-45EE-4D62-825D-F337E2210B01}
		{0EC8287A-481E-45DC-8F95-BAD940AE1038} = {0EC8287A-481E-45DC-8F95-BAD940AE1038}
		{E1D81EA9-4AC3-4CF5-B600-090FD822B1F6} = {E1D81EA9-4AC3-4CF5-B600-090FD822B1F6}
		{0D0CE4BC-3884-4ABE-9795-8CCA6C3BC646} = {0D0CE4BC-3884-4ABE-9795-8CCA6C3BC646}
		{14631055-9D3F-47E5-B6A7-16BFC0CC8091} = {14631055-9D3F-47E5-B6A7-16BFC0CC8091}
	EndProjectSection
EndProject
Project("{8BC9CEB8-8B4A-11D0-8D11-00A0C91BC942}") = "sipXsdpLib-msvc8", "sipXsdpLib\sipXsdpLib-msvc8.vcproj", "{E1D81EA9-4AC3-4CF5-B600-090FD822B1F6}"
EndProject
Project("{8BC9CEB8-8B4A-11D0-8D11-00A0C91BC942}") = "sipXsdpLibTest-msvc8", "sipXsdpLib\sipXsdpLibTest-msvc8.vcproj", "{AB8F7343-BC81-4077-B1A5-37CA389FCA94}"
	ProjectSection(ProjectDependencies) = postProject
		{E1D81EA9-4AC3-4CF5-B600-090FD822B1F6} = {E1D81EA9-4AC3-4CF5-B600-090FD822B1F6}
		{0D0CE4BC-3884-4ABE-9795-8CCA6C3BC646} = {0D0CE4BC-3884-4ABE-9795-8CCA6C3BC646}
		{14631055-9D3F-47E5-B6A7-16BFC0CC8091} = {14631055-9D3F-47E5-B6A7-16BFC0CC8091}
		{DB95F825-45EE-4D62-825D-F337E2210B01} = {DB95F825-45EE-4D62-825D-F337E2210B01}
	EndProjectSection
EndProject
Project("{8BC9CEB8-8B4A-11D0-8D11-00A0C91BC942}") = "sipXcallLib-msvc8", "sipXcallLib\sipXcallLib-msvc8.vcproj", "{0EADF7C3-7D48-45BF-A00D-ECB94DC912EA}"
EndProject
Project("{8BC9CEB8-8B4A-11D0-8D11-00A0C91BC942}") = "sipXcallLibTest-msvc8", "sipXcallLib\sipXcallLibTest-msvc8.vcproj", "{E52BAB1C-5455-42F5-B3F7-139D4EC3B079}"
	ProjectSection(ProjectDependencies) = postProject
		{0EADF7C3-7D48-45BF-A00D-ECB94DC912EA} = {0EADF7C3-7D48-45BF-A00D-ECB94DC912EA}
		{0D0CE4BC-3884-4ABE-9795-8CCA6C3BC646} = {0D0CE4BC-3884-4ABE-9795-8CCA6C3BC646}
		{E1D81EA9-4AC3-4CF5-B600-090FD822B1F6} = {E1D81EA9-4AC3-4CF5-B600-090FD822B1F6}
		{0EC8287A-481E-45DC-8F95-BAD940AE1038} = {0EC8287A-481E-45DC-8F95-BAD940AE1038}
		{14631055-9D3F-47E5-B6A7-16BFC0CC8091} = {14631055-9D3F-47E5-B6A7-16BFC0CC8091}
		{DB95F825-45EE-4D62-825D-F337E2210B01} = {DB95F825-45EE-4D62-825D-F337E2210B01}
		{9501C518-8693-42F3-86A4-39B14983EC6C} = {9501C518-8693-42F3-86A4-39B14983EC6C}
	EndProjectSection
EndProject
Project("{8BC9CEB8-8B4A-11D0-8D11-00A0C91BC942}") = "sipXtapi-msvc8", "sipXcallLib\sipXtapi-msvc8.vcproj", "{85CAC56D-4E3A-4712-91A5-AE724B11AE25}"
	ProjectSection(ProjectDependencies) = postProject
		{9501C518-8693-42F3-86A4-39B14983EC6C} = {9501C518-8693-42F3-86A4-39B14983EC6C}
		{14631055-9D3F-47E5-B6A7-16BFC0CC8091} = {14631055-9D3F-47E5-B6A7-16BFC0CC8091}
		{0EC8287A-481E-45DC-8F95-BAD940AE1038} = {0EC8287A-481E-45DC-8F95-BAD940AE1038}
		{E1D81EA9-4AC3-4CF5-B600-090FD822B1F6} = {E1D81EA9-4AC3-4CF5-B600-090FD822B1F6}
		{0D0CE4BC-3884-4ABE-9795-8CCA6C3BC646} = {0D0CE4BC-3884-4ABE-9795-8CCA6C3BC646}
		{0EADF7C3-7D48-45BF-A00D-ECB94DC912EA} = {0EADF7C3-7D48-45BF-A00D-ECB94DC912EA}
	EndProjectSection
EndProject
Project("{8BC9CEB8-8B4A-11D0-8D11-00A0C91BC942}") = "sipXtapiTest-msvc8", "sipXcallLib\sipXtapiTest-msvc8.vcproj", "{BA2DC6F0-210B-496E-9E98-4251F1F4F24C}"
	ProjectSection(ProjectDependencies) = postProject
		{0D0CE4BC-3884-4ABE-9795-8CCA6C3BC646} = {0D0CE4BC-3884-4ABE-9795-8CCA6C3BC646}
		{E1D81EA9-4AC3-4CF5-B600-090FD822B1F6} = {E1D81EA9-4AC3-4CF5-B600-090FD822B1F6}
		{85CAC56D-4E3A-4712-91A5-AE724B11AE25} = {85CAC56D-4E3A-4712-91A5-AE724B11AE25}
		{14631055-9D3F-47E5-B6A7-16BFC0CC8091} = {14631055-9D3F-47E5-B6A7-16BFC0CC8091}
	EndProjectSection
EndProject
Project("{8BC9CEB8-8B4A-11D0-8D11-00A0C91BC942}") = "sipXunitTestSuite-msvc8", "sipXportLib\sipXunitTestSuite-msvc8.vcproj", "{DB95F825-45EE-4D62-825D-F337E2210B01}"
EndProject
Project("{8BC9CEB8-8B4A-11D0-8D11-00A0C91BC942}") = "sipXezPhone-msvc8", "sipXcallLib\examples\sipXezPhone\sipXezPhone-msvc8.vcproj", "{F0EBB1F7-CA6B-4201-976E-4CF7D0A19BA1}"
EndProject
Project("{8BC9CEB8-8B4A-11D0-8D11-00A0C91BC942}") = "PlaceCall-msvc8", "sipXcallLib\examples\PlaceCall\PlaceCall-msvc8.vcproj", "{14441867-4291-4174-812E-00C774370C61}"
EndProject
Project("{8BC9CEB8-8B4A-11D0-8D11-00A0C91BC942}") = "ReceiveCall-msvc8", "sipXcallLib\examples\ReceiveCall\ReceiveCall-msvc8.vcproj", "{0FF92063-90A6-41B2-947B-AD3ADAE06FAC}"
EndProject
Project("{8BC9CEB8-8B4A-11D0-8D11-00A0C91BC942}") = "CheckVMail-msvc8", "sipXcallLib\examples\CheckVMail\CheckVMail-msvc8.vcproj", "{8D059DA8-5A65-478F-BFFC-14BCC71764C9}"
EndProject
Project("{8BC9CEB8-8B4A-11D0-8D11-00A0C91BC942}") = "libgsm-msvc8", "sipXmediaLib\contrib\libgsm\libgsm-msvc8.vcproj", "{993B6878-2EA7-49E0-AC6E-28C68592724B}"
EndProject
Project("{8BC9CEB8-8B4A-11D0-8D11-00A0C91BC942}") = "plggsm-msvc8", "sipXmediaLib\src\mp\codecs\plggsm\plggsm-msvc8.vcproj", "{8AE1AB5C-9815-42D8-9A09-0B4F1E64B4BB}"
	ProjectSection(ProjectDependencies) = postProject
		{993B6878-2EA7-49E0-AC6E-28C68592724B} = {993B6878-2EA7-49E0-AC6E-28C68592724B}
	EndProjectSection
EndProject
Project("{8BC9CEB8-8B4A-11D0-8D11-00A0C91BC942}") = "plgilbc-msvc8", "sipXmediaLib\src\mp\codecs\plgilbc\plgilbc-msvc8.vcproj", "{6442C7DE-E500-4BA2-B821-98092F1EDCAF}"
	ProjectSection(ProjectDependencies) = postProject
		{214007F3-D6E8-4B07-AC00-9FB673FF539E} = {214007F3-D6E8-4B07-AC00-9FB673FF539E}
	EndProjectSection
EndProject
Project("{8BC9CEB8-8B4A-11D0-8D11-00A0C91BC942}") = "plgpcmapcmu-msvc8", "sipXmediaLib\src\mp\codecs\plgpcmapcmu\plgpcmapcmu-msvc8.vcproj", "{A9C94D26-C90D-4860-8195-56929E893757}"
EndProject
Project("{8BC9CEB8-8B4A-11D0-8D11-00A0C91BC942}") = "plgspeex-msvc8", "sipXmediaLib\src\mp\codecs\plgspeex\plgspeex-msvc8.vcproj", "{4F7FDA11-42A4-4556-A631-15AA785CD1C1}"
	ProjectSection(ProjectDependencies) = postProject
		{E972C52F-9E85-4D65-B19C-031E511E9DB4} = {E972C52F-9E85-4D65-B19C-031E511E9DB4}
	EndProjectSection
EndProject
Project("{8BC9CEB8-8B4A-11D0-8D11-00A0C91BC942}") = "libilbc-msvc8", "sipXmediaLib\contrib\libilbc\VS2005\libilbc-msvc8.vcproj", "{214007F3-D6E8-4B07-AC00-9FB673FF539E}"
EndProject
Project("{8BC9CEB8-8B4A-11D0-8D11-00A0C91BC942}") = "plgtones-msvc8", "sipXmediaLib\src\mp\codecs\plgtones\plgtones-msvc8.vcproj", "{F3BCA14E-F24D-4570-833E-8C20C4C393F7}"
EndProject
Project("{8BC9CEB8-8B4A-11D0-8D11-00A0C91BC942}") = "libspeex", "sipXmediaLib\contrib\libspeex\win32\VS2003\libspeex\libspeex.vcproj", "{E972C52F-9E85-4D65-B19C-031E511E9DB4}"
EndProject
Project("{8BC9CEB8-8B4A-11D0-8D11-00A0C91BC942}") = "mstream-msvc8", "sipXmediaAdapterLib\examples\mstream\mstream-msvc8.vcproj", "{DEFDF925-5567-4E4E-B3B6-E737BEAF65CD}"
	ProjectSection(ProjectDependencies) = postProject
		{9501C518-8693-42F3-86A4-39B14983EC6C} = {9501C518-8693-42F3-86A4-39B14983EC6C}
		{14631055-9D3F-47E5-B6A7-16BFC0CC8091} = {14631055-9D3F-47E5-B6A7-16BFC0CC8091}
		{0D0CE4BC-3884-4ABE-9795-8CCA6C3BC646} = {0D0CE4BC-3884-4ABE-9795-8CCA6C3BC646}
		{E1D81EA9-4AC3-4CF5-B600-090FD822B1F6} = {E1D81EA9-4AC3-4CF5-B600-090FD822B1F6}
		{0EC8287A-481E-45DC-8F95-BAD940AE1038} = {0EC8287A-481E-45DC-8F95-BAD940AE1038}
	EndProjectSection
EndProject
Global
	GlobalSection(SolutionConfigurationPlatforms) = preSolution
		Debug|Pocket PC 2003 (ARMV4) = Debug|Pocket PC 2003 (ARMV4)
		Debug|SDK1_emu (ARMV4I) = Debug|SDK1_emu (ARMV4I)
		Debug|sipx_CE60_emulator (ARMV4I) = Debug|sipx_CE60_emulator (ARMV4I)
		Debug|Win32 = Debug|Win32
		Debug|Windows Mobile 5.0 Pocket PC SDK (ARMV4I) = Debug|Windows Mobile 5.0 Pocket PC SDK (ARMV4I)
		Release_Dynamic_SSE|Pocket PC 2003 (ARMV4) = Release_Dynamic_SSE|Pocket PC 2003 (ARMV4)
		Release_Dynamic_SSE|SDK1_emu (ARMV4I) = Release_Dynamic_SSE|SDK1_emu (ARMV4I)
		Release_Dynamic_SSE|sipx_CE60_emulator (ARMV4I) = Release_Dynamic_SSE|sipx_CE60_emulator (ARMV4I)
		Release_Dynamic_SSE|Win32 = Release_Dynamic_SSE|Win32
		Release_Dynamic_SSE|Windows Mobile 5.0 Pocket PC SDK (ARMV4I) = Release_Dynamic_SSE|Windows Mobile 5.0 Pocket PC SDK (ARMV4I)
		Release_Static_SSE|Pocket PC 2003 (ARMV4) = Release_Static_SSE|Pocket PC 2003 (ARMV4)
		Release_Static_SSE|SDK1_emu (ARMV4I) = Release_Static_SSE|SDK1_emu (ARMV4I)
		Release_Static_SSE|sipx_CE60_emulator (ARMV4I) = Release_Static_SSE|sipx_CE60_emulator (ARMV4I)
		Release_Static_SSE|Win32 = Release_Static_SSE|Win32
		Release_Static_SSE|Windows Mobile 5.0 Pocket PC SDK (ARMV4I) = Release_Static_SSE|Windows Mobile 5.0 Pocket PC SDK (ARMV4I)
		Release|Pocket PC 2003 (ARMV4) = Release|Pocket PC 2003 (ARMV4)
		Release|SDK1_emu (ARMV4I) = Release|SDK1_emu (ARMV4I)
		Release|sipx_CE60_emulator (ARMV4I) = Release|sipx_CE60_emulator (ARMV4I)
		Release|Win32 = Release|Win32
		Release|Windows Mobile 5.0 Pocket PC SDK (ARMV4I) = Release|Windows Mobile 5.0 Pocket PC SDK (ARMV4I)
	EndGlobalSection
	GlobalSection(ProjectConfigurationPlatforms) = postSolution
		{14631055-9D3F-47E5-B6A7-16BFC0CC8091}.Debug|Pocket PC 2003 (ARMV4).ActiveCfg = Debug|Pocket PC 2003 (ARMV4)
		{14631055-9D3F-47E5-B6A7-16BFC0CC8091}.Debug|Pocket PC 2003 (ARMV4).Build.0 = Debug|Pocket PC 2003 (ARMV4)
		{14631055-9D3F-47E5-B6A7-16BFC0CC8091}.Debug|Pocket PC 2003 (ARMV4).Deploy.0 = Debug|Pocket PC 2003 (ARMV4)
		{14631055-9D3F-47E5-B6A7-16BFC0CC8091}.Debug|SDK1_emu (ARMV4I).ActiveCfg = Debug|Windows Mobile 5.0 Pocket PC SDK (ARMV4I)
		{14631055-9D3F-47E5-B6A7-16BFC0CC8091}.Debug|sipx_CE60_emulator (ARMV4I).ActiveCfg = Debug|Pocket PC 2003 (ARMV4)
		{14631055-9D3F-47E5-B6A7-16BFC0CC8091}.Debug|Win32.ActiveCfg = Debug|Win32
		{14631055-9D3F-47E5-B6A7-16BFC0CC8091}.Debug|Win32.Build.0 = Debug|Win32
		{14631055-9D3F-47E5-B6A7-16BFC0CC8091}.Debug|Win32.Deploy.0 = Debug|Win32
		{14631055-9D3F-47E5-B6A7-16BFC0CC8091}.Debug|Windows Mobile 5.0 Pocket PC SDK (ARMV4I).ActiveCfg = Debug|Windows Mobile 5.0 Pocket PC SDK (ARMV4I)
		{14631055-9D3F-47E5-B6A7-16BFC0CC8091}.Debug|Windows Mobile 5.0 Pocket PC SDK (ARMV4I).Build.0 = Debug|Windows Mobile 5.0 Pocket PC SDK (ARMV4I)
		{14631055-9D3F-47E5-B6A7-16BFC0CC8091}.Debug|Windows Mobile 5.0 Pocket PC SDK (ARMV4I).Deploy.0 = Debug|Windows Mobile 5.0 Pocket PC SDK (ARMV4I)
		{14631055-9D3F-47E5-B6A7-16BFC0CC8091}.Release_Dynamic_SSE|Pocket PC 2003 (ARMV4).ActiveCfg = Release|Windows Mobile 5.0 Pocket PC SDK (ARMV4I)
		{14631055-9D3F-47E5-B6A7-16BFC0CC8091}.Release_Dynamic_SSE|SDK1_emu (ARMV4I).ActiveCfg = Release|Windows Mobile 5.0 Pocket PC SDK (ARMV4I)
		{14631055-9D3F-47E5-B6A7-16BFC0CC8091}.Release_Dynamic_SSE|sipx_CE60_emulator (ARMV4I).ActiveCfg = Release|Windows Mobile 5.0 Pocket PC SDK (ARMV4I)
		{14631055-9D3F-47E5-B6A7-16BFC0CC8091}.Release_Dynamic_SSE|Win32.ActiveCfg = Release|Windows Mobile 5.0 Pocket PC SDK (ARMV4I)
		{14631055-9D3F-47E5-B6A7-16BFC0CC8091}.Release_Dynamic_SSE|Windows Mobile 5.0 Pocket PC SDK (ARMV4I).ActiveCfg = Release|Windows Mobile 5.0 Pocket PC SDK (ARMV4I)
		{14631055-9D3F-47E5-B6A7-16BFC0CC8091}.Release_Dynamic_SSE|Windows Mobile 5.0 Pocket PC SDK (ARMV4I).Build.0 = Release|Windows Mobile 5.0 Pocket PC SDK (ARMV4I)
		{14631055-9D3F-47E5-B6A7-16BFC0CC8091}.Release_Static_SSE|Pocket PC 2003 (ARMV4).ActiveCfg = Release|Windows Mobile 5.0 Pocket PC SDK (ARMV4I)
		{14631055-9D3F-47E5-B6A7-16BFC0CC8091}.Release_Static_SSE|SDK1_emu (ARMV4I).ActiveCfg = Release|Windows Mobile 5.0 Pocket PC SDK (ARMV4I)
		{14631055-9D3F-47E5-B6A7-16BFC0CC8091}.Release_Static_SSE|sipx_CE60_emulator (ARMV4I).ActiveCfg = Release|Windows Mobile 5.0 Pocket PC SDK (ARMV4I)
		{14631055-9D3F-47E5-B6A7-16BFC0CC8091}.Release_Static_SSE|Win32.ActiveCfg = Release|Windows Mobile 5.0 Pocket PC SDK (ARMV4I)
		{14631055-9D3F-47E5-B6A7-16BFC0CC8091}.Release_Static_SSE|Windows Mobile 5.0 Pocket PC SDK (ARMV4I).ActiveCfg = Release|Windows Mobile 5.0 Pocket PC SDK (ARMV4I)
		{14631055-9D3F-47E5-B6A7-16BFC0CC8091}.Release_Static_SSE|Windows Mobile 5.0 Pocket PC SDK (ARMV4I).Build.0 = Release|Windows Mobile 5.0 Pocket PC SDK (ARMV4I)
		{14631055-9D3F-47E5-B6A7-16BFC0CC8091}.Release|Pocket PC 2003 (ARMV4).ActiveCfg = Release|Pocket PC 2003 (ARMV4)
		{14631055-9D3F-47E5-B6A7-16BFC0CC8091}.Release|Pocket PC 2003 (ARMV4).Build.0 = Release|Pocket PC 2003 (ARMV4)
		{14631055-9D3F-47E5-B6A7-16BFC0CC8091}.Release|Pocket PC 2003 (ARMV4).Deploy.0 = Release|Pocket PC 2003 (ARMV4)
		{14631055-9D3F-47E5-B6A7-16BFC0CC8091}.Release|SDK1_emu (ARMV4I).ActiveCfg = Release|Windows Mobile 5.0 Pocket PC SDK (ARMV4I)
		{14631055-9D3F-47E5-B6A7-16BFC0CC8091}.Release|sipx_CE60_emulator (ARMV4I).ActiveCfg = Release|Pocket PC 2003 (ARMV4)
		{14631055-9D3F-47E5-B6A7-16BFC0CC8091}.Release|Win32.ActiveCfg = Release|Win32
		{14631055-9D3F-47E5-B6A7-16BFC0CC8091}.Release|Win32.Build.0 = Release|Win32
		{14631055-9D3F-47E5-B6A7-16BFC0CC8091}.Release|Windows Mobile 5.0 Pocket PC SDK (ARMV4I).ActiveCfg = Release|Windows Mobile 5.0 Pocket PC SDK (ARMV4I)
		{14631055-9D3F-47E5-B6A7-16BFC0CC8091}.Release|Windows Mobile 5.0 Pocket PC SDK (ARMV4I).Build.0 = Release|Windows Mobile 5.0 Pocket PC SDK (ARMV4I)
		{14631055-9D3F-47E5-B6A7-16BFC0CC8091}.Release|Windows Mobile 5.0 Pocket PC SDK (ARMV4I).Deploy.0 = Release|Windows Mobile 5.0 Pocket PC SDK (ARMV4I)
		{AB8F7343-BC81-4077-B1A5-37CA389FCA93}.Debug|Pocket PC 2003 (ARMV4).ActiveCfg = Debug|Pocket PC 2003 (ARMV4)
		{AB8F7343-BC81-4077-B1A5-37CA389FCA93}.Debug|Pocket PC 2003 (ARMV4).Build.0 = Debug|Pocket PC 2003 (ARMV4)
		{AB8F7343-BC81-4077-B1A5-37CA389FCA93}.Debug|Pocket PC 2003 (ARMV4).Deploy.0 = Debug|Pocket PC 2003 (ARMV4)
		{AB8F7343-BC81-4077-B1A5-37CA389FCA93}.Debug|SDK1_emu (ARMV4I).ActiveCfg = Debug|Windows Mobile 5.0 Pocket PC SDK (ARMV4I)
		{AB8F7343-BC81-4077-B1A5-37CA389FCA93}.Debug|sipx_CE60_emulator (ARMV4I).ActiveCfg = Debug|Pocket PC 2003 (ARMV4)
		{AB8F7343-BC81-4077-B1A5-37CA389FCA93}.Debug|Win32.ActiveCfg = Debug|Win32
		{AB8F7343-BC81-4077-B1A5-37CA389FCA93}.Debug|Win32.Build.0 = Debug|Win32
		{AB8F7343-BC81-4077-B1A5-37CA389FCA93}.Debug|Windows Mobile 5.0 Pocket PC SDK (ARMV4I).ActiveCfg = Debug|Windows Mobile 5.0 Pocket PC SDK (ARMV4I)
		{AB8F7343-BC81-4077-B1A5-37CA389FCA93}.Debug|Windows Mobile 5.0 Pocket PC SDK (ARMV4I).Build.0 = Debug|Windows Mobile 5.0 Pocket PC SDK (ARMV4I)
		{AB8F7343-BC81-4077-B1A5-37CA389FCA93}.Debug|Windows Mobile 5.0 Pocket PC SDK (ARMV4I).Deploy.0 = Debug|Windows Mobile 5.0 Pocket PC SDK (ARMV4I)
		{AB8F7343-BC81-4077-B1A5-37CA389FCA93}.Release_Dynamic_SSE|Pocket PC 2003 (ARMV4).ActiveCfg = Debug|Windows Mobile 5.0 Pocket PC SDK (ARMV4I)
		{AB8F7343-BC81-4077-B1A5-37CA389FCA93}.Release_Dynamic_SSE|SDK1_emu (ARMV4I).ActiveCfg = Debug|Windows Mobile 5.0 Pocket PC SDK (ARMV4I)
		{AB8F7343-BC81-4077-B1A5-37CA389FCA93}.Release_Dynamic_SSE|sipx_CE60_emulator (ARMV4I).ActiveCfg = Debug|Windows Mobile 5.0 Pocket PC SDK (ARMV4I)
		{AB8F7343-BC81-4077-B1A5-37CA389FCA93}.Release_Dynamic_SSE|Win32.ActiveCfg = Debug|Windows Mobile 5.0 Pocket PC SDK (ARMV4I)
		{AB8F7343-BC81-4077-B1A5-37CA389FCA93}.Release_Dynamic_SSE|Windows Mobile 5.0 Pocket PC SDK (ARMV4I).ActiveCfg = Debug|Windows Mobile 5.0 Pocket PC SDK (ARMV4I)
		{AB8F7343-BC81-4077-B1A5-37CA389FCA93}.Release_Dynamic_SSE|Windows Mobile 5.0 Pocket PC SDK (ARMV4I).Build.0 = Debug|Windows Mobile 5.0 Pocket PC SDK (ARMV4I)
		{AB8F7343-BC81-4077-B1A5-37CA389FCA93}.Release_Static_SSE|Pocket PC 2003 (ARMV4).ActiveCfg = Debug|Windows Mobile 5.0 Pocket PC SDK (ARMV4I)
		{AB8F7343-BC81-4077-B1A5-37CA389FCA93}.Release_Static_SSE|SDK1_emu (ARMV4I).ActiveCfg = Debug|Windows Mobile 5.0 Pocket PC SDK (ARMV4I)
		{AB8F7343-BC81-4077-B1A5-37CA389FCA93}.Release_Static_SSE|sipx_CE60_emulator (ARMV4I).ActiveCfg = Debug|Windows Mobile 5.0 Pocket PC SDK (ARMV4I)
		{AB8F7343-BC81-4077-B1A5-37CA389FCA93}.Release_Static_SSE|Win32.ActiveCfg = Debug|Windows Mobile 5.0 Pocket PC SDK (ARMV4I)
		{AB8F7343-BC81-4077-B1A5-37CA389FCA93}.Release_Static_SSE|Windows Mobile 5.0 Pocket PC SDK (ARMV4I).ActiveCfg = Debug|Windows Mobile 5.0 Pocket PC SDK (ARMV4I)
		{AB8F7343-BC81-4077-B1A5-37CA389FCA93}.Release_Static_SSE|Windows Mobile 5.0 Pocket PC SDK (ARMV4I).Build.0 = Debug|Windows Mobile 5.0 Pocket PC SDK (ARMV4I)
		{AB8F7343-BC81-4077-B1A5-37CA389FCA93}.Release|Pocket PC 2003 (ARMV4).ActiveCfg = Debug|Windows Mobile 5.0 Pocket PC SDK (ARMV4I)
		{AB8F7343-BC81-4077-B1A5-37CA389FCA93}.Release|SDK1_emu (ARMV4I).ActiveCfg = Debug|Windows Mobile 5.0 Pocket PC SDK (ARMV4I)
		{AB8F7343-BC81-4077-B1A5-37CA389FCA93}.Release|sipx_CE60_emulator (ARMV4I).ActiveCfg = Debug|Windows Mobile 5.0 Pocket PC SDK (ARMV4I)
		{AB8F7343-BC81-4077-B1A5-37CA389FCA93}.Release|Win32.ActiveCfg = Debug|Windows Mobile 5.0 Pocket PC SDK (ARMV4I)
		{AB8F7343-BC81-4077-B1A5-37CA389FCA93}.Release|Windows Mobile 5.0 Pocket PC SDK (ARMV4I).ActiveCfg = Debug|Windows Mobile 5.0 Pocket PC SDK (ARMV4I)
		{AB8F7343-BC81-4077-B1A5-37CA389FCA93}.Release|Windows Mobile 5.0 Pocket PC SDK (ARMV4I).Build.0 = Debug|Windows Mobile 5.0 Pocket PC SDK (ARMV4I)
		{AB8F7343-BC81-4077-B1A5-37CA389FCA93}.Release|Windows Mobile 5.0 Pocket PC SDK (ARMV4I).Deploy.0 = Debug|Windows Mobile 5.0 Pocket PC SDK (ARMV4I)
		{0D0CE4BC-3884-4ABE-9795-8CCA6C3BC646}.Debug|Pocket PC 2003 (ARMV4).ActiveCfg = Debug|Pocket PC 2003 (ARMV4)
		{0D0CE4BC-3884-4ABE-9795-8CCA6C3BC646}.Debug|Pocket PC 2003 (ARMV4).Build.0 = Debug|Pocket PC 2003 (ARMV4)
		{0D0CE4BC-3884-4ABE-9795-8CCA6C3BC646}.Debug|Pocket PC 2003 (ARMV4).Deploy.0 = Debug|Pocket PC 2003 (ARMV4)
		{0D0CE4BC-3884-4ABE-9795-8CCA6C3BC646}.Debug|SDK1_emu (ARMV4I).ActiveCfg = Debug|Windows Mobile 5.0 Pocket PC SDK (ARMV4I)
		{0D0CE4BC-3884-4ABE-9795-8CCA6C3BC646}.Debug|sipx_CE60_emulator (ARMV4I).ActiveCfg = Debug|Pocket PC 2003 (ARMV4)
		{0D0CE4BC-3884-4ABE-9795-8CCA6C3BC646}.Debug|Win32.ActiveCfg = Debug|Win32
		{0D0CE4BC-3884-4ABE-9795-8CCA6C3BC646}.Debug|Win32.Build.0 = Debug|Win32
		{0D0CE4BC-3884-4ABE-9795-8CCA6C3BC646}.Debug|Windows Mobile 5.0 Pocket PC SDK (ARMV4I).ActiveCfg = Debug|Windows Mobile 5.0 Pocket PC SDK (ARMV4I)
		{0D0CE4BC-3884-4ABE-9795-8CCA6C3BC646}.Debug|Windows Mobile 5.0 Pocket PC SDK (ARMV4I).Build.0 = Debug|Windows Mobile 5.0 Pocket PC SDK (ARMV4I)
		{0D0CE4BC-3884-4ABE-9795-8CCA6C3BC646}.Debug|Windows Mobile 5.0 Pocket PC SDK (ARMV4I).Deploy.0 = Debug|Windows Mobile 5.0 Pocket PC SDK (ARMV4I)
		{0D0CE4BC-3884-4ABE-9795-8CCA6C3BC646}.Release_Dynamic_SSE|Pocket PC 2003 (ARMV4).ActiveCfg = Release|Windows Mobile 5.0 Pocket PC SDK (ARMV4I)
		{0D0CE4BC-3884-4ABE-9795-8CCA6C3BC646}.Release_Dynamic_SSE|SDK1_emu (ARMV4I).ActiveCfg = Release|Windows Mobile 5.0 Pocket PC SDK (ARMV4I)
		{0D0CE4BC-3884-4ABE-9795-8CCA6C3BC646}.Release_Dynamic_SSE|sipx_CE60_emulator (ARMV4I).ActiveCfg = Release|Windows Mobile 5.0 Pocket PC SDK (ARMV4I)
		{0D0CE4BC-3884-4ABE-9795-8CCA6C3BC646}.Release_Dynamic_SSE|Win32.ActiveCfg = Release|Windows Mobile 5.0 Pocket PC SDK (ARMV4I)
		{0D0CE4BC-3884-4ABE-9795-8CCA6C3BC646}.Release_Dynamic_SSE|Windows Mobile 5.0 Pocket PC SDK (ARMV4I).ActiveCfg = Release|Windows Mobile 5.0 Pocket PC SDK (ARMV4I)
		{0D0CE4BC-3884-4ABE-9795-8CCA6C3BC646}.Release_Dynamic_SSE|Windows Mobile 5.0 Pocket PC SDK (ARMV4I).Build.0 = Release|Windows Mobile 5.0 Pocket PC SDK (ARMV4I)
		{0D0CE4BC-3884-4ABE-9795-8CCA6C3BC646}.Release_Static_SSE|Pocket PC 2003 (ARMV4).ActiveCfg = Release|Windows Mobile 5.0 Pocket PC SDK (ARMV4I)
		{0D0CE4BC-3884-4ABE-9795-8CCA6C3BC646}.Release_Static_SSE|SDK1_emu (ARMV4I).ActiveCfg = Release|Windows Mobile 5.0 Pocket PC SDK (ARMV4I)
		{0D0CE4BC-3884-4ABE-9795-8CCA6C3BC646}.Release_Static_SSE|sipx_CE60_emulator (ARMV4I).ActiveCfg = Release|Windows Mobile 5.0 Pocket PC SDK (ARMV4I)
		{0D0CE4BC-3884-4ABE-9795-8CCA6C3BC646}.Release_Static_SSE|Win32.ActiveCfg = Release|Windows Mobile 5.0 Pocket PC SDK (ARMV4I)
		{0D0CE4BC-3884-4ABE-9795-8CCA6C3BC646}.Release_Static_SSE|Windows Mobile 5.0 Pocket PC SDK (ARMV4I).ActiveCfg = Release|Windows Mobile 5.0 Pocket PC SDK (ARMV4I)
		{0D0CE4BC-3884-4ABE-9795-8CCA6C3BC646}.Release_Static_SSE|Windows Mobile 5.0 Pocket PC SDK (ARMV4I).Build.0 = Release|Windows Mobile 5.0 Pocket PC SDK (ARMV4I)
		{0D0CE4BC-3884-4ABE-9795-8CCA6C3BC646}.Release|Pocket PC 2003 (ARMV4).ActiveCfg = Release|Pocket PC 2003 (ARMV4)
		{0D0CE4BC-3884-4ABE-9795-8CCA6C3BC646}.Release|Pocket PC 2003 (ARMV4).Build.0 = Release|Pocket PC 2003 (ARMV4)
		{0D0CE4BC-3884-4ABE-9795-8CCA6C3BC646}.Release|Pocket PC 2003 (ARMV4).Deploy.0 = Release|Pocket PC 2003 (ARMV4)
		{0D0CE4BC-3884-4ABE-9795-8CCA6C3BC646}.Release|SDK1_emu (ARMV4I).ActiveCfg = Release|Windows Mobile 5.0 Pocket PC SDK (ARMV4I)
		{0D0CE4BC-3884-4ABE-9795-8CCA6C3BC646}.Release|sipx_CE60_emulator (ARMV4I).ActiveCfg = Release|Pocket PC 2003 (ARMV4)
		{0D0CE4BC-3884-4ABE-9795-8CCA6C3BC646}.Release|Win32.ActiveCfg = Release|Win32
		{0D0CE4BC-3884-4ABE-9795-8CCA6C3BC646}.Release|Win32.Build.0 = Release|Win32
		{0D0CE4BC-3884-4ABE-9795-8CCA6C3BC646}.Release|Windows Mobile 5.0 Pocket PC SDK (ARMV4I).ActiveCfg = Release|Windows Mobile 5.0 Pocket PC SDK (ARMV4I)
		{0D0CE4BC-3884-4ABE-9795-8CCA6C3BC646}.Release|Windows Mobile 5.0 Pocket PC SDK (ARMV4I).Build.0 = Release|Windows Mobile 5.0 Pocket PC SDK (ARMV4I)
		{0D0CE4BC-3884-4ABE-9795-8CCA6C3BC646}.Release|Windows Mobile 5.0 Pocket PC SDK (ARMV4I).Deploy.0 = Release|Windows Mobile 5.0 Pocket PC SDK (ARMV4I)
		{D7CB9BA0-29DB-421E-A0CC-0FF3EFECFBE8}.Debug|Pocket PC 2003 (ARMV4).ActiveCfg = Debug|Pocket PC 2003 (ARMV4)
		{D7CB9BA0-29DB-421E-A0CC-0FF3EFECFBE8}.Debug|Pocket PC 2003 (ARMV4).Build.0 = Debug|Pocket PC 2003 (ARMV4)
		{D7CB9BA0-29DB-421E-A0CC-0FF3EFECFBE8}.Debug|Pocket PC 2003 (ARMV4).Deploy.0 = Debug|Pocket PC 2003 (ARMV4)
		{D7CB9BA0-29DB-421E-A0CC-0FF3EFECFBE8}.Debug|SDK1_emu (ARMV4I).ActiveCfg = Debug|Windows Mobile 5.0 Pocket PC SDK (ARMV4I)
		{D7CB9BA0-29DB-421E-A0CC-0FF3EFECFBE8}.Debug|sipx_CE60_emulator (ARMV4I).ActiveCfg = Debug|Pocket PC 2003 (ARMV4)
		{D7CB9BA0-29DB-421E-A0CC-0FF3EFECFBE8}.Debug|Win32.ActiveCfg = Debug|Win32
		{D7CB9BA0-29DB-421E-A0CC-0FF3EFECFBE8}.Debug|Windows Mobile 5.0 Pocket PC SDK (ARMV4I).ActiveCfg = Debug|Windows Mobile 5.0 Pocket PC SDK (ARMV4I)
		{D7CB9BA0-29DB-421E-A0CC-0FF3EFECFBE8}.Debug|Windows Mobile 5.0 Pocket PC SDK (ARMV4I).Build.0 = Debug|Windows Mobile 5.0 Pocket PC SDK (ARMV4I)
		{D7CB9BA0-29DB-421E-A0CC-0FF3EFECFBE8}.Debug|Windows Mobile 5.0 Pocket PC SDK (ARMV4I).Deploy.0 = Debug|Windows Mobile 5.0 Pocket PC SDK (ARMV4I)
		{D7CB9BA0-29DB-421E-A0CC-0FF3EFECFBE8}.Release_Dynamic_SSE|Pocket PC 2003 (ARMV4).ActiveCfg = Debug|Windows Mobile 5.0 Pocket PC SDK (ARMV4I)
		{D7CB9BA0-29DB-421E-A0CC-0FF3EFECFBE8}.Release_Dynamic_SSE|SDK1_emu (ARMV4I).ActiveCfg = Debug|Windows Mobile 5.0 Pocket PC SDK (ARMV4I)
		{D7CB9BA0-29DB-421E-A0CC-0FF3EFECFBE8}.Release_Dynamic_SSE|sipx_CE60_emulator (ARMV4I).ActiveCfg = Debug|Windows Mobile 5.0 Pocket PC SDK (ARMV4I)
		{D7CB9BA0-29DB-421E-A0CC-0FF3EFECFBE8}.Release_Dynamic_SSE|Win32.ActiveCfg = Debug|Windows Mobile 5.0 Pocket PC SDK (ARMV4I)
		{D7CB9BA0-29DB-421E-A0CC-0FF3EFECFBE8}.Release_Dynamic_SSE|Windows Mobile 5.0 Pocket PC SDK (ARMV4I).ActiveCfg = Debug|Windows Mobile 5.0 Pocket PC SDK (ARMV4I)
		{D7CB9BA0-29DB-421E-A0CC-0FF3EFECFBE8}.Release_Dynamic_SSE|Windows Mobile 5.0 Pocket PC SDK (ARMV4I).Build.0 = Debug|Windows Mobile 5.0 Pocket PC SDK (ARMV4I)
		{D7CB9BA0-29DB-421E-A0CC-0FF3EFECFBE8}.Release_Static_SSE|Pocket PC 2003 (ARMV4).ActiveCfg = Debug|Windows Mobile 5.0 Pocket PC SDK (ARMV4I)
		{D7CB9BA0-29DB-421E-A0CC-0FF3EFECFBE8}.Release_Static_SSE|SDK1_emu (ARMV4I).ActiveCfg = Debug|Windows Mobile 5.0 Pocket PC SDK (ARMV4I)
		{D7CB9BA0-29DB-421E-A0CC-0FF3EFECFBE8}.Release_Static_SSE|sipx_CE60_emulator (ARMV4I).ActiveCfg = Debug|Windows Mobile 5.0 Pocket PC SDK (ARMV4I)
		{D7CB9BA0-29DB-421E-A0CC-0FF3EFECFBE8}.Release_Static_SSE|Win32.ActiveCfg = Debug|Windows Mobile 5.0 Pocket PC SDK (ARMV4I)
		{D7CB9BA0-29DB-421E-A0CC-0FF3EFECFBE8}.Release_Static_SSE|Windows Mobile 5.0 Pocket PC SDK (ARMV4I).ActiveCfg = Debug|Windows Mobile 5.0 Pocket PC SDK (ARMV4I)
		{D7CB9BA0-29DB-421E-A0CC-0FF3EFECFBE8}.Release_Static_SSE|Windows Mobile 5.0 Pocket PC SDK (ARMV4I).Build.0 = Debug|Windows Mobile 5.0 Pocket PC SDK (ARMV4I)
		{D7CB9BA0-29DB-421E-A0CC-0FF3EFECFBE8}.Release|Pocket PC 2003 (ARMV4).ActiveCfg = Debug|Windows Mobile 5.0 Pocket PC SDK (ARMV4I)
		{D7CB9BA0-29DB-421E-A0CC-0FF3EFECFBE8}.Release|SDK1_emu (ARMV4I).ActiveCfg = Debug|Windows Mobile 5.0 Pocket PC SDK (ARMV4I)
		{D7CB9BA0-29DB-421E-A0CC-0FF3EFECFBE8}.Release|sipx_CE60_emulator (ARMV4I).ActiveCfg = Debug|Windows Mobile 5.0 Pocket PC SDK (ARMV4I)
		{D7CB9BA0-29DB-421E-A0CC-0FF3EFECFBE8}.Release|Win32.ActiveCfg = Debug|Windows Mobile 5.0 Pocket PC SDK (ARMV4I)
		{D7CB9BA0-29DB-421E-A0CC-0FF3EFECFBE8}.Release|Windows Mobile 5.0 Pocket PC SDK (ARMV4I).ActiveCfg = Debug|Windows Mobile 5.0 Pocket PC SDK (ARMV4I)
		{D7CB9BA0-29DB-421E-A0CC-0FF3EFECFBE8}.Release|Windows Mobile 5.0 Pocket PC SDK (ARMV4I).Build.0 = Debug|Windows Mobile 5.0 Pocket PC SDK (ARMV4I)
		{D7CB9BA0-29DB-421E-A0CC-0FF3EFECFBE8}.Release|Windows Mobile 5.0 Pocket PC SDK (ARMV4I).Deploy.0 = Debug|Windows Mobile 5.0 Pocket PC SDK (ARMV4I)
		{0EC8287A-481E-45DC-8F95-BAD940AE1038}.Debug|Pocket PC 2003 (ARMV4).ActiveCfg = Debug|Pocket PC 2003 (ARMV4)
		{0EC8287A-481E-45DC-8F95-BAD940AE1038}.Debug|Pocket PC 2003 (ARMV4).Build.0 = Debug|Pocket PC 2003 (ARMV4)
		{0EC8287A-481E-45DC-8F95-BAD940AE1038}.Debug|Pocket PC 2003 (ARMV4).Deploy.0 = Debug|Pocket PC 2003 (ARMV4)
		{0EC8287A-481E-45DC-8F95-BAD940AE1038}.Debug|SDK1_emu (ARMV4I).ActiveCfg = Debug|Pocket PC 2003 (ARMV4)
		{0EC8287A-481E-45DC-8F95-BAD940AE1038}.Debug|sipx_CE60_emulator (ARMV4I).ActiveCfg = Debug|Pocket PC 2003 (ARMV4)
		{0EC8287A-481E-45DC-8F95-BAD940AE1038}.Debug|Win32.ActiveCfg = Debug|Win32
		{0EC8287A-481E-45DC-8F95-BAD940AE1038}.Debug|Win32.Build.0 = Debug|Win32
		{0EC8287A-481E-45DC-8F95-BAD940AE1038}.Debug|Windows Mobile 5.0 Pocket PC SDK (ARMV4I).ActiveCfg = Debug|Win32
		{0EC8287A-481E-45DC-8F95-BAD940AE1038}.Release_Dynamic_SSE|Pocket PC 2003 (ARMV4).ActiveCfg = Release-IPP|Pocket PC 2003 (ARMV4)
		{0EC8287A-481E-45DC-8F95-BAD940AE1038}.Release_Dynamic_SSE|Pocket PC 2003 (ARMV4).Build.0 = Release-IPP|Pocket PC 2003 (ARMV4)
		{0EC8287A-481E-45DC-8F95-BAD940AE1038}.Release_Dynamic_SSE|Pocket PC 2003 (ARMV4).Deploy.0 = Release-IPP|Pocket PC 2003 (ARMV4)
		{0EC8287A-481E-45DC-8F95-BAD940AE1038}.Release_Dynamic_SSE|SDK1_emu (ARMV4I).ActiveCfg = Release-IPP|Pocket PC 2003 (ARMV4)
		{0EC8287A-481E-45DC-8F95-BAD940AE1038}.Release_Dynamic_SSE|sipx_CE60_emulator (ARMV4I).ActiveCfg = Release-IPP|Pocket PC 2003 (ARMV4)
		{0EC8287A-481E-45DC-8F95-BAD940AE1038}.Release_Dynamic_SSE|Win32.ActiveCfg = Release-IPP|Pocket PC 2003 (ARMV4)
		{0EC8287A-481E-45DC-8F95-BAD940AE1038}.Release_Dynamic_SSE|Windows Mobile 5.0 Pocket PC SDK (ARMV4I).ActiveCfg = Release-IPP|Pocket PC 2003 (ARMV4)
		{0EC8287A-481E-45DC-8F95-BAD940AE1038}.Release_Static_SSE|Pocket PC 2003 (ARMV4).ActiveCfg = Release-IPP|Pocket PC 2003 (ARMV4)
		{0EC8287A-481E-45DC-8F95-BAD940AE1038}.Release_Static_SSE|Pocket PC 2003 (ARMV4).Build.0 = Release-IPP|Pocket PC 2003 (ARMV4)
		{0EC8287A-481E-45DC-8F95-BAD940AE1038}.Release_Static_SSE|Pocket PC 2003 (ARMV4).Deploy.0 = Release-IPP|Pocket PC 2003 (ARMV4)
		{0EC8287A-481E-45DC-8F95-BAD940AE1038}.Release_Static_SSE|SDK1_emu (ARMV4I).ActiveCfg = Release-IPP|Pocket PC 2003 (ARMV4)
		{0EC8287A-481E-45DC-8F95-BAD940AE1038}.Release_Static_SSE|sipx_CE60_emulator (ARMV4I).ActiveCfg = Release-IPP|Pocket PC 2003 (ARMV4)
		{0EC8287A-481E-45DC-8F95-BAD940AE1038}.Release_Static_SSE|Win32.ActiveCfg = Release-IPP|Pocket PC 2003 (ARMV4)
		{0EC8287A-481E-45DC-8F95-BAD940AE1038}.Release_Static_SSE|Windows Mobile 5.0 Pocket PC SDK (ARMV4I).ActiveCfg = Release-IPP|Pocket PC 2003 (ARMV4)
		{0EC8287A-481E-45DC-8F95-BAD940AE1038}.Release|Pocket PC 2003 (ARMV4).ActiveCfg = Release|Pocket PC 2003 (ARMV4)
		{0EC8287A-481E-45DC-8F95-BAD940AE1038}.Release|Pocket PC 2003 (ARMV4).Build.0 = Release|Pocket PC 2003 (ARMV4)
		{0EC8287A-481E-45DC-8F95-BAD940AE1038}.Release|Pocket PC 2003 (ARMV4).Deploy.0 = Release|Pocket PC 2003 (ARMV4)
		{0EC8287A-481E-45DC-8F95-BAD940AE1038}.Release|SDK1_emu (ARMV4I).ActiveCfg = Release|Pocket PC 2003 (ARMV4)
		{0EC8287A-481E-45DC-8F95-BAD940AE1038}.Release|sipx_CE60_emulator (ARMV4I).ActiveCfg = Release|Pocket PC 2003 (ARMV4)
		{0EC8287A-481E-45DC-8F95-BAD940AE1038}.Release|Win32.ActiveCfg = Release|Win32
		{0EC8287A-481E-45DC-8F95-BAD940AE1038}.Release|Win32.Build.0 = Release|Win32
		{0EC8287A-481E-45DC-8F95-BAD940AE1038}.Release|Windows Mobile 5.0 Pocket PC SDK (ARMV4I).ActiveCfg = Release|Win32
		{41C4FC22-37B1-4792-AB3A-FA2B81BE4B0A}.Debug|Pocket PC 2003 (ARMV4).ActiveCfg = Debug|Pocket PC 2003 (ARMV4)
		{41C4FC22-37B1-4792-AB3A-FA2B81BE4B0A}.Debug|Pocket PC 2003 (ARMV4).Build.0 = Debug|Pocket PC 2003 (ARMV4)
		{41C4FC22-37B1-4792-AB3A-FA2B81BE4B0A}.Debug|Pocket PC 2003 (ARMV4).Deploy.0 = Debug|Pocket PC 2003 (ARMV4)
		{41C4FC22-37B1-4792-AB3A-FA2B81BE4B0A}.Debug|SDK1_emu (ARMV4I).ActiveCfg = Debug|Pocket PC 2003 (ARMV4)
		{41C4FC22-37B1-4792-AB3A-FA2B81BE4B0A}.Debug|sipx_CE60_emulator (ARMV4I).ActiveCfg = Debug|Pocket PC 2003 (ARMV4)
		{41C4FC22-37B1-4792-AB3A-FA2B81BE4B0A}.Debug|Win32.ActiveCfg = Debug|Win32
		{41C4FC22-37B1-4792-AB3A-FA2B81BE4B0A}.Debug|Windows Mobile 5.0 Pocket PC SDK (ARMV4I).ActiveCfg = Debug|Win32
		{41C4FC22-37B1-4792-AB3A-FA2B81BE4B0A}.Release_Dynamic_SSE|Pocket PC 2003 (ARMV4).ActiveCfg = Debug|Pocket PC 2003 (ARMV4)
		{41C4FC22-37B1-4792-AB3A-FA2B81BE4B0A}.Release_Dynamic_SSE|Pocket PC 2003 (ARMV4).Build.0 = Debug|Pocket PC 2003 (ARMV4)
		{41C4FC22-37B1-4792-AB3A-FA2B81BE4B0A}.Release_Dynamic_SSE|Pocket PC 2003 (ARMV4).Deploy.0 = Debug|Pocket PC 2003 (ARMV4)
		{41C4FC22-37B1-4792-AB3A-FA2B81BE4B0A}.Release_Dynamic_SSE|SDK1_emu (ARMV4I).ActiveCfg = Debug|Pocket PC 2003 (ARMV4)
		{41C4FC22-37B1-4792-AB3A-FA2B81BE4B0A}.Release_Dynamic_SSE|sipx_CE60_emulator (ARMV4I).ActiveCfg = Debug|Pocket PC 2003 (ARMV4)
		{41C4FC22-37B1-4792-AB3A-FA2B81BE4B0A}.Release_Dynamic_SSE|Win32.ActiveCfg = Debug|Pocket PC 2003 (ARMV4)
		{41C4FC22-37B1-4792-AB3A-FA2B81BE4B0A}.Release_Dynamic_SSE|Windows Mobile 5.0 Pocket PC SDK (ARMV4I).ActiveCfg = Debug|Pocket PC 2003 (ARMV4)
		{41C4FC22-37B1-4792-AB3A-FA2B81BE4B0A}.Release_Static_SSE|Pocket PC 2003 (ARMV4).ActiveCfg = Debug|Pocket PC 2003 (ARMV4)
		{41C4FC22-37B1-4792-AB3A-FA2B81BE4B0A}.Release_Static_SSE|Pocket PC 2003 (ARMV4).Build.0 = Debug|Pocket PC 2003 (ARMV4)
		{41C4FC22-37B1-4792-AB3A-FA2B81BE4B0A}.Release_Static_SSE|Pocket PC 2003 (ARMV4).Deploy.0 = Debug|Pocket PC 2003 (ARMV4)
		{41C4FC22-37B1-4792-AB3A-FA2B81BE4B0A}.Release_Static_SSE|SDK1_emu (ARMV4I).ActiveCfg = Debug|Pocket PC 2003 (ARMV4)
		{41C4FC22-37B1-4792-AB3A-FA2B81BE4B0A}.Release_Static_SSE|sipx_CE60_emulator (ARMV4I).ActiveCfg = Debug|Pocket PC 2003 (ARMV4)
		{41C4FC22-37B1-4792-AB3A-FA2B81BE4B0A}.Release_Static_SSE|Win32.ActiveCfg = Debug|Pocket PC 2003 (ARMV4)
		{41C4FC22-37B1-4792-AB3A-FA2B81BE4B0A}.Release_Static_SSE|Windows Mobile 5.0 Pocket PC SDK (ARMV4I).ActiveCfg = Debug|Pocket PC 2003 (ARMV4)
		{41C4FC22-37B1-4792-AB3A-FA2B81BE4B0A}.Release|Pocket PC 2003 (ARMV4).ActiveCfg = Debug|Pocket PC 2003 (ARMV4)
		{41C4FC22-37B1-4792-AB3A-FA2B81BE4B0A}.Release|Pocket PC 2003 (ARMV4).Build.0 = Debug|Pocket PC 2003 (ARMV4)
		{41C4FC22-37B1-4792-AB3A-FA2B81BE4B0A}.Release|Pocket PC 2003 (ARMV4).Deploy.0 = Debug|Pocket PC 2003 (ARMV4)
		{41C4FC22-37B1-4792-AB3A-FA2B81BE4B0A}.Release|SDK1_emu (ARMV4I).ActiveCfg = Debug|Pocket PC 2003 (ARMV4)
		{41C4FC22-37B1-4792-AB3A-FA2B81BE4B0A}.Release|sipx_CE60_emulator (ARMV4I).ActiveCfg = Debug|Pocket PC 2003 (ARMV4)
		{41C4FC22-37B1-4792-AB3A-FA2B81BE4B0A}.Release|Win32.ActiveCfg = Debug|Pocket PC 2003 (ARMV4)
		{41C4FC22-37B1-4792-AB3A-FA2B81BE4B0A}.Release|Windows Mobile 5.0 Pocket PC SDK (ARMV4I).ActiveCfg = Debug|Pocket PC 2003 (ARMV4)
		{9501C518-8693-42F3-86A4-39B14983EC6C}.Debug|Pocket PC 2003 (ARMV4).ActiveCfg = Debug|Pocket PC 2003 (ARMV4)
		{9501C518-8693-42F3-86A4-39B14983EC6C}.Debug|Pocket PC 2003 (ARMV4).Build.0 = Debug|Pocket PC 2003 (ARMV4)
		{9501C518-8693-42F3-86A4-39B14983EC6C}.Debug|Pocket PC 2003 (ARMV4).Deploy.0 = Debug|Pocket PC 2003 (ARMV4)
		{9501C518-8693-42F3-86A4-39B14983EC6C}.Debug|SDK1_emu (ARMV4I).ActiveCfg = Debug|Windows Mobile 5.0 Pocket PC SDK (ARMV4I)
		{9501C518-8693-42F3-86A4-39B14983EC6C}.Debug|sipx_CE60_emulator (ARMV4I).ActiveCfg = Debug|Pocket PC 2003 (ARMV4)
		{9501C518-8693-42F3-86A4-39B14983EC6C}.Debug|Win32.ActiveCfg = Debug|Win32
		{9501C518-8693-42F3-86A4-39B14983EC6C}.Debug|Win32.Build.0 = Debug|Win32
		{9501C518-8693-42F3-86A4-39B14983EC6C}.Debug|Windows Mobile 5.0 Pocket PC SDK (ARMV4I).ActiveCfg = Debug|Windows Mobile 5.0 Pocket PC SDK (ARMV4I)
		{9501C518-8693-42F3-86A4-39B14983EC6C}.Debug|Windows Mobile 5.0 Pocket PC SDK (ARMV4I).Build.0 = Debug|Windows Mobile 5.0 Pocket PC SDK (ARMV4I)
		{9501C518-8693-42F3-86A4-39B14983EC6C}.Debug|Windows Mobile 5.0 Pocket PC SDK (ARMV4I).Deploy.0 = Debug|Windows Mobile 5.0 Pocket PC SDK (ARMV4I)
		{9501C518-8693-42F3-86A4-39B14983EC6C}.Release_Dynamic_SSE|Pocket PC 2003 (ARMV4).ActiveCfg = Release|Windows Mobile 5.0 Pocket PC SDK (ARMV4I)
		{9501C518-8693-42F3-86A4-39B14983EC6C}.Release_Dynamic_SSE|SDK1_emu (ARMV4I).ActiveCfg = Release|Windows Mobile 5.0 Pocket PC SDK (ARMV4I)
		{9501C518-8693-42F3-86A4-39B14983EC6C}.Release_Dynamic_SSE|sipx_CE60_emulator (ARMV4I).ActiveCfg = Release|Windows Mobile 5.0 Pocket PC SDK (ARMV4I)
		{9501C518-8693-42F3-86A4-39B14983EC6C}.Release_Dynamic_SSE|Win32.ActiveCfg = Release|Windows Mobile 5.0 Pocket PC SDK (ARMV4I)
		{9501C518-8693-42F3-86A4-39B14983EC6C}.Release_Dynamic_SSE|Windows Mobile 5.0 Pocket PC SDK (ARMV4I).ActiveCfg = Release|Windows Mobile 5.0 Pocket PC SDK (ARMV4I)
		{9501C518-8693-42F3-86A4-39B14983EC6C}.Release_Dynamic_SSE|Windows Mobile 5.0 Pocket PC SDK (ARMV4I).Build.0 = Release|Windows Mobile 5.0 Pocket PC SDK (ARMV4I)
		{9501C518-8693-42F3-86A4-39B14983EC6C}.Release_Static_SSE|Pocket PC 2003 (ARMV4).ActiveCfg = Release|Windows Mobile 5.0 Pocket PC SDK (ARMV4I)
		{9501C518-8693-42F3-86A4-39B14983EC6C}.Release_Static_SSE|SDK1_emu (ARMV4I).ActiveCfg = Release|Windows Mobile 5.0 Pocket PC SDK (ARMV4I)
		{9501C518-8693-42F3-86A4-39B14983EC6C}.Release_Static_SSE|sipx_CE60_emulator (ARMV4I).ActiveCfg = Release|Windows Mobile 5.0 Pocket PC SDK (ARMV4I)
		{9501C518-8693-42F3-86A4-39B14983EC6C}.Release_Static_SSE|Win32.ActiveCfg = Release|Windows Mobile 5.0 Pocket PC SDK (ARMV4I)
		{9501C518-8693-42F3-86A4-39B14983EC6C}.Release_Static_SSE|Windows Mobile 5.0 Pocket PC SDK (ARMV4I).ActiveCfg = Release|Windows Mobile 5.0 Pocket PC SDK (ARMV4I)
		{9501C518-8693-42F3-86A4-39B14983EC6C}.Release_Static_SSE|Windows Mobile 5.0 Pocket PC SDK (ARMV4I).Build.0 = Release|Windows Mobile 5.0 Pocket PC SDK (ARMV4I)
		{9501C518-8693-42F3-86A4-39B14983EC6C}.Release|Pocket PC 2003 (ARMV4).ActiveCfg = Release|Pocket PC 2003 (ARMV4)
		{9501C518-8693-42F3-86A4-39B14983EC6C}.Release|Pocket PC 2003 (ARMV4).Build.0 = Release|Pocket PC 2003 (ARMV4)
		{9501C518-8693-42F3-86A4-39B14983EC6C}.Release|Pocket PC 2003 (ARMV4).Deploy.0 = Release|Pocket PC 2003 (ARMV4)
		{9501C518-8693-42F3-86A4-39B14983EC6C}.Release|SDK1_emu (ARMV4I).ActiveCfg = Release|Windows Mobile 5.0 Pocket PC SDK (ARMV4I)
		{9501C518-8693-42F3-86A4-39B14983EC6C}.Release|sipx_CE60_emulator (ARMV4I).ActiveCfg = Release|Pocket PC 2003 (ARMV4)
		{9501C518-8693-42F3-86A4-39B14983EC6C}.Release|Win32.ActiveCfg = Release|Win32
		{9501C518-8693-42F3-86A4-39B14983EC6C}.Release|Win32.Build.0 = Release|Win32
		{9501C518-8693-42F3-86A4-39B14983EC6C}.Release|Windows Mobile 5.0 Pocket PC SDK (ARMV4I).ActiveCfg = Release|Windows Mobile 5.0 Pocket PC SDK (ARMV4I)
		{9501C518-8693-42F3-86A4-39B14983EC6C}.Release|Windows Mobile 5.0 Pocket PC SDK (ARMV4I).Build.0 = Release|Windows Mobile 5.0 Pocket PC SDK (ARMV4I)
		{9501C518-8693-42F3-86A4-39B14983EC6C}.Release|Windows Mobile 5.0 Pocket PC SDK (ARMV4I).Deploy.0 = Release|Windows Mobile 5.0 Pocket PC SDK (ARMV4I)
		{4D2F60E7-A4A4-4429-A640-2894F33824CA}.Debug|Pocket PC 2003 (ARMV4).ActiveCfg = Debug|Pocket PC 2003 (ARMV4)
		{4D2F60E7-A4A4-4429-A640-2894F33824CA}.Debug|Pocket PC 2003 (ARMV4).Build.0 = Debug|Pocket PC 2003 (ARMV4)
		{4D2F60E7-A4A4-4429-A640-2894F33824CA}.Debug|Pocket PC 2003 (ARMV4).Deploy.0 = Debug|Pocket PC 2003 (ARMV4)
		{4D2F60E7-A4A4-4429-A640-2894F33824CA}.Debug|SDK1_emu (ARMV4I).ActiveCfg = Debug|Windows Mobile 5.0 Pocket PC SDK (ARMV4I)
		{4D2F60E7-A4A4-4429-A640-2894F33824CA}.Debug|sipx_CE60_emulator (ARMV4I).ActiveCfg = Debug|Pocket PC 2003 (ARMV4)
		{4D2F60E7-A4A4-4429-A640-2894F33824CA}.Debug|Win32.ActiveCfg = Debug|Win32
		{4D2F60E7-A4A4-4429-A640-2894F33824CA}.Debug|Win32.Build.0 = Debug|Win32
		{4D2F60E7-A4A4-4429-A640-2894F33824CA}.Debug|Windows Mobile 5.0 Pocket PC SDK (ARMV4I).ActiveCfg = Debug|Windows Mobile 5.0 Pocket PC SDK (ARMV4I)
		{4D2F60E7-A4A4-4429-A640-2894F33824CA}.Debug|Windows Mobile 5.0 Pocket PC SDK (ARMV4I).Build.0 = Debug|Windows Mobile 5.0 Pocket PC SDK (ARMV4I)
		{4D2F60E7-A4A4-4429-A640-2894F33824CA}.Debug|Windows Mobile 5.0 Pocket PC SDK (ARMV4I).Deploy.0 = Debug|Windows Mobile 5.0 Pocket PC SDK (ARMV4I)
		{4D2F60E7-A4A4-4429-A640-2894F33824CA}.Release_Dynamic_SSE|Pocket PC 2003 (ARMV4).ActiveCfg = Debug|Windows Mobile 5.0 Pocket PC SDK (ARMV4I)
		{4D2F60E7-A4A4-4429-A640-2894F33824CA}.Release_Dynamic_SSE|SDK1_emu (ARMV4I).ActiveCfg = Debug|Windows Mobile 5.0 Pocket PC SDK (ARMV4I)
		{4D2F60E7-A4A4-4429-A640-2894F33824CA}.Release_Dynamic_SSE|sipx_CE60_emulator (ARMV4I).ActiveCfg = Debug|Windows Mobile 5.0 Pocket PC SDK (ARMV4I)
		{4D2F60E7-A4A4-4429-A640-2894F33824CA}.Release_Dynamic_SSE|Win32.ActiveCfg = Debug|Windows Mobile 5.0 Pocket PC SDK (ARMV4I)
		{4D2F60E7-A4A4-4429-A640-2894F33824CA}.Release_Dynamic_SSE|Windows Mobile 5.0 Pocket PC SDK (ARMV4I).ActiveCfg = Debug|Windows Mobile 5.0 Pocket PC SDK (ARMV4I)
		{4D2F60E7-A4A4-4429-A640-2894F33824CA}.Release_Dynamic_SSE|Windows Mobile 5.0 Pocket PC SDK (ARMV4I).Build.0 = Debug|Windows Mobile 5.0 Pocket PC SDK (ARMV4I)
		{4D2F60E7-A4A4-4429-A640-2894F33824CA}.Release_Static_SSE|Pocket PC 2003 (ARMV4).ActiveCfg = Debug|Windows Mobile 5.0 Pocket PC SDK (ARMV4I)
		{4D2F60E7-A4A4-4429-A640-2894F33824CA}.Release_Static_SSE|SDK1_emu (ARMV4I).ActiveCfg = Debug|Windows Mobile 5.0 Pocket PC SDK (ARMV4I)
		{4D2F60E7-A4A4-4429-A640-2894F33824CA}.Release_Static_SSE|sipx_CE60_emulator (ARMV4I).ActiveCfg = Debug|Windows Mobile 5.0 Pocket PC SDK (ARMV4I)
		{4D2F60E7-A4A4-4429-A640-2894F33824CA}.Release_Static_SSE|Win32.ActiveCfg = Debug|Windows Mobile 5.0 Pocket PC SDK (ARMV4I)
		{4D2F60E7-A4A4-4429-A640-2894F33824CA}.Release_Static_SSE|Windows Mobile 5.0 Pocket PC SDK (ARMV4I).ActiveCfg = Debug|Windows Mobile 5.0 Pocket PC SDK (ARMV4I)
		{4D2F60E7-A4A4-4429-A640-2894F33824CA}.Release_Static_SSE|Windows Mobile 5.0 Pocket PC SDK (ARMV4I).Build.0 = Debug|Windows Mobile 5.0 Pocket PC SDK (ARMV4I)
		{4D2F60E7-A4A4-4429-A640-2894F33824CA}.Release|Pocket PC 2003 (ARMV4).ActiveCfg = Debug|Windows Mobile 5.0 Pocket PC SDK (ARMV4I)
		{4D2F60E7-A4A4-4429-A640-2894F33824CA}.Release|SDK1_emu (ARMV4I).ActiveCfg = Debug|Windows Mobile 5.0 Pocket PC SDK (ARMV4I)
		{4D2F60E7-A4A4-4429-A640-2894F33824CA}.Release|sipx_CE60_emulator (ARMV4I).ActiveCfg = Debug|Windows Mobile 5.0 Pocket PC SDK (ARMV4I)
		{4D2F60E7-A4A4-4429-A640-2894F33824CA}.Release|Win32.ActiveCfg = Debug|Windows Mobile 5.0 Pocket PC SDK (ARMV4I)
		{4D2F60E7-A4A4-4429-A640-2894F33824CA}.Release|Windows Mobile 5.0 Pocket PC SDK (ARMV4I).ActiveCfg = Debug|Windows Mobile 5.0 Pocket PC SDK (ARMV4I)
		{4D2F60E7-A4A4-4429-A640-2894F33824CA}.Release|Windows Mobile 5.0 Pocket PC SDK (ARMV4I).Build.0 = Debug|Windows Mobile 5.0 Pocket PC SDK (ARMV4I)
		{4D2F60E7-A4A4-4429-A640-2894F33824CA}.Release|Windows Mobile 5.0 Pocket PC SDK (ARMV4I).Deploy.0 = Debug|Windows Mobile 5.0 Pocket PC SDK (ARMV4I)
		{E1D81EA9-4AC3-4CF5-B600-090FD822B1F6}.Debug|Pocket PC 2003 (ARMV4).ActiveCfg = Debug|Pocket PC 2003 (ARMV4)
		{E1D81EA9-4AC3-4CF5-B600-090FD822B1F6}.Debug|Pocket PC 2003 (ARMV4).Build.0 = Debug|Pocket PC 2003 (ARMV4)
		{E1D81EA9-4AC3-4CF5-B600-090FD822B1F6}.Debug|Pocket PC 2003 (ARMV4).Deploy.0 = Debug|Pocket PC 2003 (ARMV4)
		{E1D81EA9-4AC3-4CF5-B600-090FD822B1F6}.Debug|SDK1_emu (ARMV4I).ActiveCfg = Debug|Windows Mobile 5.0 Pocket PC SDK (ARMV4I)
		{E1D81EA9-4AC3-4CF5-B600-090FD822B1F6}.Debug|sipx_CE60_emulator (ARMV4I).ActiveCfg = Debug|Win32
		{E1D81EA9-4AC3-4CF5-B600-090FD822B1F6}.Debug|Win32.ActiveCfg = Debug|Win32
		{E1D81EA9-4AC3-4CF5-B600-090FD822B1F6}.Debug|Win32.Build.0 = Debug|Win32
		{E1D81EA9-4AC3-4CF5-B600-090FD822B1F6}.Debug|Windows Mobile 5.0 Pocket PC SDK (ARMV4I).ActiveCfg = Debug|Windows Mobile 5.0 Pocket PC SDK (ARMV4I)
		{E1D81EA9-4AC3-4CF5-B600-090FD822B1F6}.Debug|Windows Mobile 5.0 Pocket PC SDK (ARMV4I).Build.0 = Debug|Windows Mobile 5.0 Pocket PC SDK (ARMV4I)
		{E1D81EA9-4AC3-4CF5-B600-090FD822B1F6}.Debug|Windows Mobile 5.0 Pocket PC SDK (ARMV4I).Deploy.0 = Debug|Windows Mobile 5.0 Pocket PC SDK (ARMV4I)
		{E1D81EA9-4AC3-4CF5-B600-090FD822B1F6}.Release_Dynamic_SSE|Pocket PC 2003 (ARMV4).ActiveCfg = Release|Windows Mobile 5.0 Pocket PC SDK (ARMV4I)
		{E1D81EA9-4AC3-4CF5-B600-090FD822B1F6}.Release_Dynamic_SSE|SDK1_emu (ARMV4I).ActiveCfg = Release|Windows Mobile 5.0 Pocket PC SDK (ARMV4I)
		{E1D81EA9-4AC3-4CF5-B600-090FD822B1F6}.Release_Dynamic_SSE|sipx_CE60_emulator (ARMV4I).ActiveCfg = Release|Windows Mobile 5.0 Pocket PC SDK (ARMV4I)
		{E1D81EA9-4AC3-4CF5-B600-090FD822B1F6}.Release_Dynamic_SSE|Win32.ActiveCfg = Release|Windows Mobile 5.0 Pocket PC SDK (ARMV4I)
		{E1D81EA9-4AC3-4CF5-B600-090FD822B1F6}.Release_Dynamic_SSE|Windows Mobile 5.0 Pocket PC SDK (ARMV4I).ActiveCfg = Release|Windows Mobile 5.0 Pocket PC SDK (ARMV4I)
		{E1D81EA9-4AC3-4CF5-B600-090FD822B1F6}.Release_Dynamic_SSE|Windows Mobile 5.0 Pocket PC SDK (ARMV4I).Build.0 = Release|Windows Mobile 5.0 Pocket PC SDK (ARMV4I)
		{E1D81EA9-4AC3-4CF5-B600-090FD822B1F6}.Release_Static_SSE|Pocket PC 2003 (ARMV4).ActiveCfg = Release|Windows Mobile 5.0 Pocket PC SDK (ARMV4I)
		{E1D81EA9-4AC3-4CF5-B600-090FD822B1F6}.Release_Static_SSE|SDK1_emu (ARMV4I).ActiveCfg = Release|Windows Mobile 5.0 Pocket PC SDK (ARMV4I)
		{E1D81EA9-4AC3-4CF5-B600-090FD822B1F6}.Release_Static_SSE|sipx_CE60_emulator (ARMV4I).ActiveCfg = Release|Windows Mobile 5.0 Pocket PC SDK (ARMV4I)
		{E1D81EA9-4AC3-4CF5-B600-090FD822B1F6}.Release_Static_SSE|Win32.ActiveCfg = Release|Windows Mobile 5.0 Pocket PC SDK (ARMV4I)
		{E1D81EA9-4AC3-4CF5-B600-090FD822B1F6}.Release_Static_SSE|Windows Mobile 5.0 Pocket PC SDK (ARMV4I).ActiveCfg = Release|Windows Mobile 5.0 Pocket PC SDK (ARMV4I)
		{E1D81EA9-4AC3-4CF5-B600-090FD822B1F6}.Release_Static_SSE|Windows Mobile 5.0 Pocket PC SDK (ARMV4I).Build.0 = Release|Windows Mobile 5.0 Pocket PC SDK (ARMV4I)
		{E1D81EA9-4AC3-4CF5-B600-090FD822B1F6}.Release|Pocket PC 2003 (ARMV4).ActiveCfg = Release|Pocket PC 2003 (ARMV4)
		{E1D81EA9-4AC3-4CF5-B600-090FD822B1F6}.Release|Pocket PC 2003 (ARMV4).Build.0 = Release|Pocket PC 2003 (ARMV4)
		{E1D81EA9-4AC3-4CF5-B600-090FD822B1F6}.Release|Pocket PC 2003 (ARMV4).Deploy.0 = Release|Pocket PC 2003 (ARMV4)
		{E1D81EA9-4AC3-4CF5-B600-090FD822B1F6}.Release|SDK1_emu (ARMV4I).ActiveCfg = Release|Windows Mobile 5.0 Pocket PC SDK (ARMV4I)
		{E1D81EA9-4AC3-4CF5-B600-090FD822B1F6}.Release|sipx_CE60_emulator (ARMV4I).ActiveCfg = Release|Win32
		{E1D81EA9-4AC3-4CF5-B600-090FD822B1F6}.Release|Win32.ActiveCfg = Release|Win32
		{E1D81EA9-4AC3-4CF5-B600-090FD822B1F6}.Release|Win32.Build.0 = Release|Win32
		{E1D81EA9-4AC3-4CF5-B600-090FD822B1F6}.Release|Windows Mobile 5.0 Pocket PC SDK (ARMV4I).ActiveCfg = Release|Windows Mobile 5.0 Pocket PC SDK (ARMV4I)
		{E1D81EA9-4AC3-4CF5-B600-090FD822B1F6}.Release|Windows Mobile 5.0 Pocket PC SDK (ARMV4I).Build.0 = Release|Windows Mobile 5.0 Pocket PC SDK (ARMV4I)
		{E1D81EA9-4AC3-4CF5-B600-090FD822B1F6}.Release|Windows Mobile 5.0 Pocket PC SDK (ARMV4I).Deploy.0 = Release|Windows Mobile 5.0 Pocket PC SDK (ARMV4I)
		{AB8F7343-BC81-4077-B1A5-37CA389FCA94}.Debug|Pocket PC 2003 (ARMV4).ActiveCfg = Debug|Pocket PC 2003 (ARMV4)
		{AB8F7343-BC81-4077-B1A5-37CA389FCA94}.Debug|Pocket PC 2003 (ARMV4).Build.0 = Debug|Pocket PC 2003 (ARMV4)
		{AB8F7343-BC81-4077-B1A5-37CA389FCA94}.Debug|Pocket PC 2003 (ARMV4).Deploy.0 = Debug|Pocket PC 2003 (ARMV4)
		{AB8F7343-BC81-4077-B1A5-37CA389FCA94}.Debug|SDK1_emu (ARMV4I).ActiveCfg = Debug|Windows Mobile 5.0 Pocket PC SDK (ARMV4I)
		{AB8F7343-BC81-4077-B1A5-37CA389FCA94}.Debug|sipx_CE60_emulator (ARMV4I).ActiveCfg = Debug|Win32
		{AB8F7343-BC81-4077-B1A5-37CA389FCA94}.Debug|Win32.ActiveCfg = Debug|Win32
		{AB8F7343-BC81-4077-B1A5-37CA389FCA94}.Debug|Windows Mobile 5.0 Pocket PC SDK (ARMV4I).ActiveCfg = Debug|Windows Mobile 5.0 Pocket PC SDK (ARMV4I)
		{AB8F7343-BC81-4077-B1A5-37CA389FCA94}.Debug|Windows Mobile 5.0 Pocket PC SDK (ARMV4I).Build.0 = Debug|Windows Mobile 5.0 Pocket PC SDK (ARMV4I)
		{AB8F7343-BC81-4077-B1A5-37CA389FCA94}.Debug|Windows Mobile 5.0 Pocket PC SDK (ARMV4I).Deploy.0 = Debug|Windows Mobile 5.0 Pocket PC SDK (ARMV4I)
		{AB8F7343-BC81-4077-B1A5-37CA389FCA94}.Release_Dynamic_SSE|Pocket PC 2003 (ARMV4).ActiveCfg = Debug|Windows Mobile 5.0 Pocket PC SDK (ARMV4I)
		{AB8F7343-BC81-4077-B1A5-37CA389FCA94}.Release_Dynamic_SSE|SDK1_emu (ARMV4I).ActiveCfg = Debug|Windows Mobile 5.0 Pocket PC SDK (ARMV4I)
		{AB8F7343-BC81-4077-B1A5-37CA389FCA94}.Release_Dynamic_SSE|sipx_CE60_emulator (ARMV4I).ActiveCfg = Debug|Windows Mobile 5.0 Pocket PC SDK (ARMV4I)
		{AB8F7343-BC81-4077-B1A5-37CA389FCA94}.Release_Dynamic_SSE|Win32.ActiveCfg = Debug|Windows Mobile 5.0 Pocket PC SDK (ARMV4I)
		{AB8F7343-BC81-4077-B1A5-37CA389FCA94}.Release_Dynamic_SSE|Windows Mobile 5.0 Pocket PC SDK (ARMV4I).ActiveCfg = Debug|Windows Mobile 5.0 Pocket PC SDK (ARMV4I)
		{AB8F7343-BC81-4077-B1A5-37CA389FCA94}.Release_Dynamic_SSE|Windows Mobile 5.0 Pocket PC SDK (ARMV4I).Build.0 = Debug|Windows Mobile 5.0 Pocket PC SDK (ARMV4I)
		{AB8F7343-BC81-4077-B1A5-37CA389FCA94}.Release_Static_SSE|Pocket PC 2003 (ARMV4).ActiveCfg = Debug|Windows Mobile 5.0 Pocket PC SDK (ARMV4I)
		{AB8F7343-BC81-4077-B1A5-37CA389FCA94}.Release_Static_SSE|SDK1_emu (ARMV4I).ActiveCfg = Debug|Windows Mobile 5.0 Pocket PC SDK (ARMV4I)
		{AB8F7343-BC81-4077-B1A5-37CA389FCA94}.Release_Static_SSE|sipx_CE60_emulator (ARMV4I).ActiveCfg = Debug|Windows Mobile 5.0 Pocket PC SDK (ARMV4I)
		{AB8F7343-BC81-4077-B1A5-37CA389FCA94}.Release_Static_SSE|Win32.ActiveCfg = Debug|Windows Mobile 5.0 Pocket PC SDK (ARMV4I)
		{AB8F7343-BC81-4077-B1A5-37CA389FCA94}.Release_Static_SSE|Windows Mobile 5.0 Pocket PC SDK (ARMV4I).ActiveCfg = Debug|Windows Mobile 5.0 Pocket PC SDK (ARMV4I)
		{AB8F7343-BC81-4077-B1A5-37CA389FCA94}.Release_Static_SSE|Windows Mobile 5.0 Pocket PC SDK (ARMV4I).Build.0 = Debug|Windows Mobile 5.0 Pocket PC SDK (ARMV4I)
		{AB8F7343-BC81-4077-B1A5-37CA389FCA94}.Release|Pocket PC 2003 (ARMV4).ActiveCfg = Debug|Windows Mobile 5.0 Pocket PC SDK (ARMV4I)
		{AB8F7343-BC81-4077-B1A5-37CA389FCA94}.Release|SDK1_emu (ARMV4I).ActiveCfg = Debug|Windows Mobile 5.0 Pocket PC SDK (ARMV4I)
		{AB8F7343-BC81-4077-B1A5-37CA389FCA94}.Release|sipx_CE60_emulator (ARMV4I).ActiveCfg = Debug|Windows Mobile 5.0 Pocket PC SDK (ARMV4I)
		{AB8F7343-BC81-4077-B1A5-37CA389FCA94}.Release|Win32.ActiveCfg = Debug|Windows Mobile 5.0 Pocket PC SDK (ARMV4I)
		{AB8F7343-BC81-4077-B1A5-37CA389FCA94}.Release|Windows Mobile 5.0 Pocket PC SDK (ARMV4I).ActiveCfg = Debug|Windows Mobile 5.0 Pocket PC SDK (ARMV4I)
		{AB8F7343-BC81-4077-B1A5-37CA389FCA94}.Release|Windows Mobile 5.0 Pocket PC SDK (ARMV4I).Build.0 = Debug|Windows Mobile 5.0 Pocket PC SDK (ARMV4I)
		{AB8F7343-BC81-4077-B1A5-37CA389FCA94}.Release|Windows Mobile 5.0 Pocket PC SDK (ARMV4I).Deploy.0 = Debug|Windows Mobile 5.0 Pocket PC SDK (ARMV4I)
		{0EADF7C3-7D48-45BF-A00D-ECB94DC912EA}.Debug|Pocket PC 2003 (ARMV4).ActiveCfg = Debug|Win32
		{0EADF7C3-7D48-45BF-A00D-ECB94DC912EA}.Debug|SDK1_emu (ARMV4I).ActiveCfg = Debug|Windows Mobile 5.0 Pocket PC SDK (ARMV4I)
		{0EADF7C3-7D48-45BF-A00D-ECB94DC912EA}.Debug|sipx_CE60_emulator (ARMV4I).ActiveCfg = Debug|Win32
		{0EADF7C3-7D48-45BF-A00D-ECB94DC912EA}.Debug|Win32.ActiveCfg = Debug|Win32
		{0EADF7C3-7D48-45BF-A00D-ECB94DC912EA}.Debug|Win32.Build.0 = Debug|Win32
		{0EADF7C3-7D48-45BF-A00D-ECB94DC912EA}.Debug|Windows Mobile 5.0 Pocket PC SDK (ARMV4I).ActiveCfg = Debug|Windows Mobile 5.0 Pocket PC SDK (ARMV4I)
		{0EADF7C3-7D48-45BF-A00D-ECB94DC912EA}.Debug|Windows Mobile 5.0 Pocket PC SDK (ARMV4I).Build.0 = Debug|Windows Mobile 5.0 Pocket PC SDK (ARMV4I)
		{0EADF7C3-7D48-45BF-A00D-ECB94DC912EA}.Debug|Windows Mobile 5.0 Pocket PC SDK (ARMV4I).Deploy.0 = Debug|Windows Mobile 5.0 Pocket PC SDK (ARMV4I)
		{0EADF7C3-7D48-45BF-A00D-ECB94DC912EA}.Release_Dynamic_SSE|Pocket PC 2003 (ARMV4).ActiveCfg = Release|Windows Mobile 5.0 Pocket PC SDK (ARMV4I)
		{0EADF7C3-7D48-45BF-A00D-ECB94DC912EA}.Release_Dynamic_SSE|SDK1_emu (ARMV4I).ActiveCfg = Release|Windows Mobile 5.0 Pocket PC SDK (ARMV4I)
		{0EADF7C3-7D48-45BF-A00D-ECB94DC912EA}.Release_Dynamic_SSE|sipx_CE60_emulator (ARMV4I).ActiveCfg = Release|Windows Mobile 5.0 Pocket PC SDK (ARMV4I)
		{0EADF7C3-7D48-45BF-A00D-ECB94DC912EA}.Release_Dynamic_SSE|Win32.ActiveCfg = Release|Windows Mobile 5.0 Pocket PC SDK (ARMV4I)
		{0EADF7C3-7D48-45BF-A00D-ECB94DC912EA}.Release_Dynamic_SSE|Windows Mobile 5.0 Pocket PC SDK (ARMV4I).ActiveCfg = Release|Windows Mobile 5.0 Pocket PC SDK (ARMV4I)
		{0EADF7C3-7D48-45BF-A00D-ECB94DC912EA}.Release_Dynamic_SSE|Windows Mobile 5.0 Pocket PC SDK (ARMV4I).Build.0 = Release|Windows Mobile 5.0 Pocket PC SDK (ARMV4I)
		{0EADF7C3-7D48-45BF-A00D-ECB94DC912EA}.Release_Static_SSE|Pocket PC 2003 (ARMV4).ActiveCfg = Release|Windows Mobile 5.0 Pocket PC SDK (ARMV4I)
		{0EADF7C3-7D48-45BF-A00D-ECB94DC912EA}.Release_Static_SSE|SDK1_emu (ARMV4I).ActiveCfg = Release|Windows Mobile 5.0 Pocket PC SDK (ARMV4I)
		{0EADF7C3-7D48-45BF-A00D-ECB94DC912EA}.Release_Static_SSE|sipx_CE60_emulator (ARMV4I).ActiveCfg = Release|Windows Mobile 5.0 Pocket PC SDK (ARMV4I)
		{0EADF7C3-7D48-45BF-A00D-ECB94DC912EA}.Release_Static_SSE|Win32.ActiveCfg = Release|Windows Mobile 5.0 Pocket PC SDK (ARMV4I)
		{0EADF7C3-7D48-45BF-A00D-ECB94DC912EA}.Release_Static_SSE|Windows Mobile 5.0 Pocket PC SDK (ARMV4I).ActiveCfg = Release|Windows Mobile 5.0 Pocket PC SDK (ARMV4I)
		{0EADF7C3-7D48-45BF-A00D-ECB94DC912EA}.Release_Static_SSE|Windows Mobile 5.0 Pocket PC SDK (ARMV4I).Build.0 = Release|Windows Mobile 5.0 Pocket PC SDK (ARMV4I)
		{0EADF7C3-7D48-45BF-A00D-ECB94DC912EA}.Release|Pocket PC 2003 (ARMV4).ActiveCfg = Release|Win32
		{0EADF7C3-7D48-45BF-A00D-ECB94DC912EA}.Release|SDK1_emu (ARMV4I).ActiveCfg = Release|Windows Mobile 5.0 Pocket PC SDK (ARMV4I)
		{0EADF7C3-7D48-45BF-A00D-ECB94DC912EA}.Release|sipx_CE60_emulator (ARMV4I).ActiveCfg = Release|Win32
		{0EADF7C3-7D48-45BF-A00D-ECB94DC912EA}.Release|Win32.ActiveCfg = Release|Win32
		{0EADF7C3-7D48-45BF-A00D-ECB94DC912EA}.Release|Win32.Build.0 = Release|Win32
		{0EADF7C3-7D48-45BF-A00D-ECB94DC912EA}.Release|Windows Mobile 5.0 Pocket PC SDK (ARMV4I).ActiveCfg = Release|Windows Mobile 5.0 Pocket PC SDK (ARMV4I)
		{0EADF7C3-7D48-45BF-A00D-ECB94DC912EA}.Release|Windows Mobile 5.0 Pocket PC SDK (ARMV4I).Build.0 = Release|Windows Mobile 5.0 Pocket PC SDK (ARMV4I)
		{0EADF7C3-7D48-45BF-A00D-ECB94DC912EA}.Release|Windows Mobile 5.0 Pocket PC SDK (ARMV4I).Deploy.0 = Release|Windows Mobile 5.0 Pocket PC SDK (ARMV4I)
		{E52BAB1C-5455-42F5-B3F7-139D4EC3B079}.Debug|Pocket PC 2003 (ARMV4).ActiveCfg = Debug|Win32
		{E52BAB1C-5455-42F5-B3F7-139D4EC3B079}.Debug|SDK1_emu (ARMV4I).ActiveCfg = Debug|Windows Mobile 5.0 Pocket PC SDK (ARMV4I)
		{E52BAB1C-5455-42F5-B3F7-139D4EC3B079}.Debug|sipx_CE60_emulator (ARMV4I).ActiveCfg = Debug|Win32
		{E52BAB1C-5455-42F5-B3F7-139D4EC3B079}.Debug|Win32.ActiveCfg = Debug|Win32
		{E52BAB1C-5455-42F5-B3F7-139D4EC3B079}.Debug|Windows Mobile 5.0 Pocket PC SDK (ARMV4I).ActiveCfg = Debug|Windows Mobile 5.0 Pocket PC SDK (ARMV4I)
		{E52BAB1C-5455-42F5-B3F7-139D4EC3B079}.Debug|Windows Mobile 5.0 Pocket PC SDK (ARMV4I).Build.0 = Debug|Windows Mobile 5.0 Pocket PC SDK (ARMV4I)
		{E52BAB1C-5455-42F5-B3F7-139D4EC3B079}.Debug|Windows Mobile 5.0 Pocket PC SDK (ARMV4I).Deploy.0 = Debug|Windows Mobile 5.0 Pocket PC SDK (ARMV4I)
		{E52BAB1C-5455-42F5-B3F7-139D4EC3B079}.Release_Dynamic_SSE|Pocket PC 2003 (ARMV4).ActiveCfg = Debug|Windows Mobile 5.0 Pocket PC SDK (ARMV4I)
		{E52BAB1C-5455-42F5-B3F7-139D4EC3B079}.Release_Dynamic_SSE|SDK1_emu (ARMV4I).ActiveCfg = Debug|Windows Mobile 5.0 Pocket PC SDK (ARMV4I)
		{E52BAB1C-5455-42F5-B3F7-139D4EC3B079}.Release_Dynamic_SSE|sipx_CE60_emulator (ARMV4I).ActiveCfg = Debug|Windows Mobile 5.0 Pocket PC SDK (ARMV4I)
		{E52BAB1C-5455-42F5-B3F7-139D4EC3B079}.Release_Dynamic_SSE|Win32.ActiveCfg = Debug|Windows Mobile 5.0 Pocket PC SDK (ARMV4I)
		{E52BAB1C-5455-42F5-B3F7-139D4EC3B079}.Release_Dynamic_SSE|Windows Mobile 5.0 Pocket PC SDK (ARMV4I).ActiveCfg = Debug|Windows Mobile 5.0 Pocket PC SDK (ARMV4I)
		{E52BAB1C-5455-42F5-B3F7-139D4EC3B079}.Release_Dynamic_SSE|Windows Mobile 5.0 Pocket PC SDK (ARMV4I).Build.0 = Debug|Windows Mobile 5.0 Pocket PC SDK (ARMV4I)
		{E52BAB1C-5455-42F5-B3F7-139D4EC3B079}.Release_Static_SSE|Pocket PC 2003 (ARMV4).ActiveCfg = Debug|Windows Mobile 5.0 Pocket PC SDK (ARMV4I)
		{E52BAB1C-5455-42F5-B3F7-139D4EC3B079}.Release_Static_SSE|SDK1_emu (ARMV4I).ActiveCfg = Debug|Windows Mobile 5.0 Pocket PC SDK (ARMV4I)
		{E52BAB1C-5455-42F5-B3F7-139D4EC3B079}.Release_Static_SSE|sipx_CE60_emulator (ARMV4I).ActiveCfg = Debug|Windows Mobile 5.0 Pocket PC SDK (ARMV4I)
		{E52BAB1C-5455-42F5-B3F7-139D4EC3B079}.Release_Static_SSE|Win32.ActiveCfg = Debug|Windows Mobile 5.0 Pocket PC SDK (ARMV4I)
		{E52BAB1C-5455-42F5-B3F7-139D4EC3B079}.Release_Static_SSE|Windows Mobile 5.0 Pocket PC SDK (ARMV4I).ActiveCfg = Debug|Windows Mobile 5.0 Pocket PC SDK (ARMV4I)
		{E52BAB1C-5455-42F5-B3F7-139D4EC3B079}.Release_Static_SSE|Windows Mobile 5.0 Pocket PC SDK (ARMV4I).Build.0 = Debug|Windows Mobile 5.0 Pocket PC SDK (ARMV4I)
		{E52BAB1C-5455-42F5-B3F7-139D4EC3B079}.Release|Pocket PC 2003 (ARMV4).ActiveCfg = Debug|Windows Mobile 5.0 Pocket PC SDK (ARMV4I)
		{E52BAB1C-5455-42F5-B3F7-139D4EC3B079}.Release|SDK1_emu (ARMV4I).ActiveCfg = Debug|Windows Mobile 5.0 Pocket PC SDK (ARMV4I)
		{E52BAB1C-5455-42F5-B3F7-139D4EC3B079}.Release|sipx_CE60_emulator (ARMV4I).ActiveCfg = Debug|Windows Mobile 5.0 Pocket PC SDK (ARMV4I)
		{E52BAB1C-5455-42F5-B3F7-139D4EC3B079}.Release|Win32.ActiveCfg = Debug|Windows Mobile 5.0 Pocket PC SDK (ARMV4I)
		{E52BAB1C-5455-42F5-B3F7-139D4EC3B079}.Release|Windows Mobile 5.0 Pocket PC SDK (ARMV4I).ActiveCfg = Debug|Windows Mobile 5.0 Pocket PC SDK (ARMV4I)
		{E52BAB1C-5455-42F5-B3F7-139D4EC3B079}.Release|Windows Mobile 5.0 Pocket PC SDK (ARMV4I).Build.0 = Debug|Windows Mobile 5.0 Pocket PC SDK (ARMV4I)
		{E52BAB1C-5455-42F5-B3F7-139D4EC3B079}.Release|Windows Mobile 5.0 Pocket PC SDK (ARMV4I).Deploy.0 = Debug|Windows Mobile 5.0 Pocket PC SDK (ARMV4I)
		{85CAC56D-4E3A-4712-91A5-AE724B11AE25}.Debug|Pocket PC 2003 (ARMV4).ActiveCfg = Debug|Win32
		{85CAC56D-4E3A-4712-91A5-AE724B11AE25}.Debug|SDK1_emu (ARMV4I).ActiveCfg = Debug|Win32
		{85CAC56D-4E3A-4712-91A5-AE724B11AE25}.Debug|sipx_CE60_emulator (ARMV4I).ActiveCfg = Debug|Win32
		{85CAC56D-4E3A-4712-91A5-AE724B11AE25}.Debug|Win32.ActiveCfg = Debug|Win32
		{85CAC56D-4E3A-4712-91A5-AE724B11AE25}.Debug|Win32.Build.0 = Debug|Win32
		{85CAC56D-4E3A-4712-91A5-AE724B11AE25}.Debug|Windows Mobile 5.0 Pocket PC SDK (ARMV4I).ActiveCfg = Debug|Win32
		{85CAC56D-4E3A-4712-91A5-AE724B11AE25}.Release_Dynamic_SSE|Pocket PC 2003 (ARMV4).ActiveCfg = Release-IPP|Win32
		{85CAC56D-4E3A-4712-91A5-AE724B11AE25}.Release_Dynamic_SSE|SDK1_emu (ARMV4I).ActiveCfg = Release-IPP|Win32
		{85CAC56D-4E3A-4712-91A5-AE724B11AE25}.Release_Dynamic_SSE|sipx_CE60_emulator (ARMV4I).ActiveCfg = Release-IPP|Win32
		{85CAC56D-4E3A-4712-91A5-AE724B11AE25}.Release_Dynamic_SSE|Win32.ActiveCfg = Release-IPP|Win32
		{85CAC56D-4E3A-4712-91A5-AE724B11AE25}.Release_Dynamic_SSE|Win32.Build.0 = Release-IPP|Win32
		{85CAC56D-4E3A-4712-91A5-AE724B11AE25}.Release_Dynamic_SSE|Windows Mobile 5.0 Pocket PC SDK (ARMV4I).ActiveCfg = Release-IPP|Win32
		{85CAC56D-4E3A-4712-91A5-AE724B11AE25}.Release_Static_SSE|Pocket PC 2003 (ARMV4).ActiveCfg = Release-IPP|Win32
		{85CAC56D-4E3A-4712-91A5-AE724B11AE25}.Release_Static_SSE|SDK1_emu (ARMV4I).ActiveCfg = Release-IPP|Win32
		{85CAC56D-4E3A-4712-91A5-AE724B11AE25}.Release_Static_SSE|sipx_CE60_emulator (ARMV4I).ActiveCfg = Release-IPP|Win32
		{85CAC56D-4E3A-4712-91A5-AE724B11AE25}.Release_Static_SSE|Win32.ActiveCfg = Release-IPP|Win32
		{85CAC56D-4E3A-4712-91A5-AE724B11AE25}.Release_Static_SSE|Win32.Build.0 = Release-IPP|Win32
		{85CAC56D-4E3A-4712-91A5-AE724B11AE25}.Release_Static_SSE|Windows Mobile 5.0 Pocket PC SDK (ARMV4I).ActiveCfg = Release-IPP|Win32
		{85CAC56D-4E3A-4712-91A5-AE724B11AE25}.Release|Pocket PC 2003 (ARMV4).ActiveCfg = Release|Win32
		{85CAC56D-4E3A-4712-91A5-AE724B11AE25}.Release|SDK1_emu (ARMV4I).ActiveCfg = Release|Win32
		{85CAC56D-4E3A-4712-91A5-AE724B11AE25}.Release|sipx_CE60_emulator (ARMV4I).ActiveCfg = Release|Win32
		{85CAC56D-4E3A-4712-91A5-AE724B11AE25}.Release|Win32.ActiveCfg = Release|Win32
		{85CAC56D-4E3A-4712-91A5-AE724B11AE25}.Release|Win32.Build.0 = Release|Win32
		{85CAC56D-4E3A-4712-91A5-AE724B11AE25}.Release|Windows Mobile 5.0 Pocket PC SDK (ARMV4I).ActiveCfg = Release|Win32
		{BA2DC6F0-210B-496E-9E98-4251F1F4F24C}.Debug|Pocket PC 2003 (ARMV4).ActiveCfg = Debug|Win32
		{BA2DC6F0-210B-496E-9E98-4251F1F4F24C}.Debug|SDK1_emu (ARMV4I).ActiveCfg = Debug|Win32
		{BA2DC6F0-210B-496E-9E98-4251F1F4F24C}.Debug|sipx_CE60_emulator (ARMV4I).ActiveCfg = Debug|Win32
		{BA2DC6F0-210B-496E-9E98-4251F1F4F24C}.Debug|Win32.ActiveCfg = Debug|Win32
		{BA2DC6F0-210B-496E-9E98-4251F1F4F24C}.Debug|Windows Mobile 5.0 Pocket PC SDK (ARMV4I).ActiveCfg = Debug|Win32
		{BA2DC6F0-210B-496E-9E98-4251F1F4F24C}.Release_Dynamic_SSE|Pocket PC 2003 (ARMV4).ActiveCfg = Debug|Win32
		{BA2DC6F0-210B-496E-9E98-4251F1F4F24C}.Release_Dynamic_SSE|SDK1_emu (ARMV4I).ActiveCfg = Debug|Win32
		{BA2DC6F0-210B-496E-9E98-4251F1F4F24C}.Release_Dynamic_SSE|sipx_CE60_emulator (ARMV4I).ActiveCfg = Debug|Win32
		{BA2DC6F0-210B-496E-9E98-4251F1F4F24C}.Release_Dynamic_SSE|Win32.ActiveCfg = Debug|Win32
		{BA2DC6F0-210B-496E-9E98-4251F1F4F24C}.Release_Dynamic_SSE|Win32.Build.0 = Debug|Win32
		{BA2DC6F0-210B-496E-9E98-4251F1F4F24C}.Release_Dynamic_SSE|Windows Mobile 5.0 Pocket PC SDK (ARMV4I).ActiveCfg = Debug|Win32
		{BA2DC6F0-210B-496E-9E98-4251F1F4F24C}.Release_Static_SSE|Pocket PC 2003 (ARMV4).ActiveCfg = Debug|Win32
		{BA2DC6F0-210B-496E-9E98-4251F1F4F24C}.Release_Static_SSE|SDK1_emu (ARMV4I).ActiveCfg = Debug|Win32
		{BA2DC6F0-210B-496E-9E98-4251F1F4F24C}.Release_Static_SSE|sipx_CE60_emulator (ARMV4I).ActiveCfg = Debug|Win32
		{BA2DC6F0-210B-496E-9E98-4251F1F4F24C}.Release_Static_SSE|Win32.ActiveCfg = Debug|Win32
		{BA2DC6F0-210B-496E-9E98-4251F1F4F24C}.Release_Static_SSE|Win32.Build.0 = Debug|Win32
		{BA2DC6F0-210B-496E-9E98-4251F1F4F24C}.Release_Static_SSE|Windows Mobile 5.0 Pocket PC SDK (ARMV4I).ActiveCfg = Debug|Win32
		{BA2DC6F0-210B-496E-9E98-4251F1F4F24C}.Release|Pocket PC 2003 (ARMV4).ActiveCfg = Debug|Win32
		{BA2DC6F0-210B-496E-9E98-4251F1F4F24C}.Release|SDK1_emu (ARMV4I).ActiveCfg = Debug|Win32
		{BA2DC6F0-210B-496E-9E98-4251F1F4F24C}.Release|sipx_CE60_emulator (ARMV4I).ActiveCfg = Debug|Win32
		{BA2DC6F0-210B-496E-9E98-4251F1F4F24C}.Release|Win32.ActiveCfg = Debug|Win32
		{BA2DC6F0-210B-496E-9E98-4251F1F4F24C}.Release|Win32.Build.0 = Debug|Win32
		{BA2DC6F0-210B-496E-9E98-4251F1F4F24C}.Release|Windows Mobile 5.0 Pocket PC SDK (ARMV4I).ActiveCfg = Debug|Win32
		{DB95F825-45EE-4D62-825D-F337E2210B01}.Debug|Pocket PC 2003 (ARMV4).ActiveCfg = Debug|Win32
		{DB95F825-45EE-4D62-825D-F337E2210B01}.Debug|SDK1_emu (ARMV4I).ActiveCfg = Debug|Win32
		{DB95F825-45EE-4D62-825D-F337E2210B01}.Debug|sipx_CE60_emulator (ARMV4I).ActiveCfg = Debug|Win32
		{DB95F825-45EE-4D62-825D-F337E2210B01}.Debug|Win32.ActiveCfg = Debug|Win32
		{DB95F825-45EE-4D62-825D-F337E2210B01}.Debug|Win32.Build.0 = Debug|Win32
		{DB95F825-45EE-4D62-825D-F337E2210B01}.Debug|Windows Mobile 5.0 Pocket PC SDK (ARMV4I).ActiveCfg = Debug|Win32
		{DB95F825-45EE-4D62-825D-F337E2210B01}.Release_Dynamic_SSE|Pocket PC 2003 (ARMV4).ActiveCfg = Debug|Win32
		{DB95F825-45EE-4D62-825D-F337E2210B01}.Release_Dynamic_SSE|SDK1_emu (ARMV4I).ActiveCfg = Debug|Win32
		{DB95F825-45EE-4D62-825D-F337E2210B01}.Release_Dynamic_SSE|sipx_CE60_emulator (ARMV4I).ActiveCfg = Debug|Win32
		{DB95F825-45EE-4D62-825D-F337E2210B01}.Release_Dynamic_SSE|Win32.ActiveCfg = Debug|Win32
		{DB95F825-45EE-4D62-825D-F337E2210B01}.Release_Dynamic_SSE|Win32.Build.0 = Debug|Win32
		{DB95F825-45EE-4D62-825D-F337E2210B01}.Release_Dynamic_SSE|Windows Mobile 5.0 Pocket PC SDK (ARMV4I).ActiveCfg = Debug|Win32
		{DB95F825-45EE-4D62-825D-F337E2210B01}.Release_Static_SSE|Pocket PC 2003 (ARMV4).ActiveCfg = Debug|Win32
		{DB95F825-45EE-4D62-825D-F337E2210B01}.Release_Static_SSE|SDK1_emu (ARMV4I).ActiveCfg = Debug|Win32
		{DB95F825-45EE-4D62-825D-F337E2210B01}.Release_Static_SSE|sipx_CE60_emulator (ARMV4I).ActiveCfg = Debug|Win32
		{DB95F825-45EE-4D62-825D-F337E2210B01}.Release_Static_SSE|Win32.ActiveCfg = Debug|Win32
		{DB95F825-45EE-4D62-825D-F337E2210B01}.Release_Static_SSE|Win32.Build.0 = Debug|Win32
		{DB95F825-45EE-4D62-825D-F337E2210B01}.Release_Static_SSE|Windows Mobile 5.0 Pocket PC SDK (ARMV4I).ActiveCfg = Debug|Win32
		{DB95F825-45EE-4D62-825D-F337E2210B01}.Release|Pocket PC 2003 (ARMV4).ActiveCfg = Debug|Win32
		{DB95F825-45EE-4D62-825D-F337E2210B01}.Release|SDK1_emu (ARMV4I).ActiveCfg = Debug|Win32
		{DB95F825-45EE-4D62-825D-F337E2210B01}.Release|sipx_CE60_emulator (ARMV4I).ActiveCfg = Debug|Win32
		{DB95F825-45EE-4D62-825D-F337E2210B01}.Release|Win32.ActiveCfg = Debug|Win32
		{DB95F825-45EE-4D62-825D-F337E2210B01}.Release|Win32.Build.0 = Debug|Win32
		{DB95F825-45EE-4D62-825D-F337E2210B01}.Release|Windows Mobile 5.0 Pocket PC SDK (ARMV4I).ActiveCfg = Debug|Win32
		{F0EBB1F7-CA6B-4201-976E-4CF7D0A19BA1}.Debug|Pocket PC 2003 (ARMV4).ActiveCfg = Debug|Win32
		{F0EBB1F7-CA6B-4201-976E-4CF7D0A19BA1}.Debug|SDK1_emu (ARMV4I).ActiveCfg = Debug|Win32
		{F0EBB1F7-CA6B-4201-976E-4CF7D0A19BA1}.Debug|sipx_CE60_emulator (ARMV4I).ActiveCfg = Debug|Win32
		{F0EBB1F7-CA6B-4201-976E-4CF7D0A19BA1}.Debug|Win32.ActiveCfg = Debug|Win32
		{F0EBB1F7-CA6B-4201-976E-4CF7D0A19BA1}.Debug|Windows Mobile 5.0 Pocket PC SDK (ARMV4I).ActiveCfg = Debug|Win32
		{F0EBB1F7-CA6B-4201-976E-4CF7D0A19BA1}.Release_Dynamic_SSE|Pocket PC 2003 (ARMV4).ActiveCfg = Release|Win32
		{F0EBB1F7-CA6B-4201-976E-4CF7D0A19BA1}.Release_Dynamic_SSE|SDK1_emu (ARMV4I).ActiveCfg = Release|Win32
		{F0EBB1F7-CA6B-4201-976E-4CF7D0A19BA1}.Release_Dynamic_SSE|sipx_CE60_emulator (ARMV4I).ActiveCfg = Release|Win32
		{F0EBB1F7-CA6B-4201-976E-4CF7D0A19BA1}.Release_Dynamic_SSE|Win32.ActiveCfg = Release|Win32
		{F0EBB1F7-CA6B-4201-976E-4CF7D0A19BA1}.Release_Dynamic_SSE|Win32.Build.0 = Release|Win32
		{F0EBB1F7-CA6B-4201-976E-4CF7D0A19BA1}.Release_Dynamic_SSE|Windows Mobile 5.0 Pocket PC SDK (ARMV4I).ActiveCfg = Release|Win32
		{F0EBB1F7-CA6B-4201-976E-4CF7D0A19BA1}.Release_Static_SSE|Pocket PC 2003 (ARMV4).ActiveCfg = Release|Win32
		{F0EBB1F7-CA6B-4201-976E-4CF7D0A19BA1}.Release_Static_SSE|SDK1_emu (ARMV4I).ActiveCfg = Release|Win32
		{F0EBB1F7-CA6B-4201-976E-4CF7D0A19BA1}.Release_Static_SSE|sipx_CE60_emulator (ARMV4I).ActiveCfg = Release|Win32
		{F0EBB1F7-CA6B-4201-976E-4CF7D0A19BA1}.Release_Static_SSE|Win32.ActiveCfg = Release|Win32
		{F0EBB1F7-CA6B-4201-976E-4CF7D0A19BA1}.Release_Static_SSE|Win32.Build.0 = Release|Win32
		{F0EBB1F7-CA6B-4201-976E-4CF7D0A19BA1}.Release_Static_SSE|Windows Mobile 5.0 Pocket PC SDK (ARMV4I).ActiveCfg = Release|Win32
		{F0EBB1F7-CA6B-4201-976E-4CF7D0A19BA1}.Release|Pocket PC 2003 (ARMV4).ActiveCfg = Release|Win32
		{F0EBB1F7-CA6B-4201-976E-4CF7D0A19BA1}.Release|SDK1_emu (ARMV4I).ActiveCfg = Release|Win32
		{F0EBB1F7-CA6B-4201-976E-4CF7D0A19BA1}.Release|sipx_CE60_emulator (ARMV4I).ActiveCfg = Release|Win32
		{F0EBB1F7-CA6B-4201-976E-4CF7D0A19BA1}.Release|Win32.ActiveCfg = Release|Win32
		{F0EBB1F7-CA6B-4201-976E-4CF7D0A19BA1}.Release|Windows Mobile 5.0 Pocket PC SDK (ARMV4I).ActiveCfg = Release|Win32
		{14441867-4291-4174-812E-00C774370C61}.Debug|Pocket PC 2003 (ARMV4).ActiveCfg = Debug|Win32
		{14441867-4291-4174-812E-00C774370C61}.Debug|SDK1_emu (ARMV4I).ActiveCfg = Debug|Win32
		{14441867-4291-4174-812E-00C774370C61}.Debug|sipx_CE60_emulator (ARMV4I).ActiveCfg = Debug|Win32
		{14441867-4291-4174-812E-00C774370C61}.Debug|Win32.ActiveCfg = Debug|Win32
		{14441867-4291-4174-812E-00C774370C61}.Debug|Win32.Build.0 = Debug|Win32
		{14441867-4291-4174-812E-00C774370C61}.Debug|Windows Mobile 5.0 Pocket PC SDK (ARMV4I).ActiveCfg = Debug|Win32
		{14441867-4291-4174-812E-00C774370C61}.Release_Dynamic_SSE|Pocket PC 2003 (ARMV4).ActiveCfg = Release|Win32
		{14441867-4291-4174-812E-00C774370C61}.Release_Dynamic_SSE|SDK1_emu (ARMV4I).ActiveCfg = Release|Win32
		{14441867-4291-4174-812E-00C774370C61}.Release_Dynamic_SSE|sipx_CE60_emulator (ARMV4I).ActiveCfg = Release|Win32
		{14441867-4291-4174-812E-00C774370C61}.Release_Dynamic_SSE|Win32.ActiveCfg = Release|Win32
		{14441867-4291-4174-812E-00C774370C61}.Release_Dynamic_SSE|Win32.Build.0 = Release|Win32
		{14441867-4291-4174-812E-00C774370C61}.Release_Dynamic_SSE|Windows Mobile 5.0 Pocket PC SDK (ARMV4I).ActiveCfg = Release|Win32
		{14441867-4291-4174-812E-00C774370C61}.Release_Static_SSE|Pocket PC 2003 (ARMV4).ActiveCfg = Release|Win32
		{14441867-4291-4174-812E-00C774370C61}.Release_Static_SSE|SDK1_emu (ARMV4I).ActiveCfg = Release|Win32
		{14441867-4291-4174-812E-00C774370C61}.Release_Static_SSE|sipx_CE60_emulator (ARMV4I).ActiveCfg = Release|Win32
		{14441867-4291-4174-812E-00C774370C61}.Release_Static_SSE|Win32.ActiveCfg = Release|Win32
		{14441867-4291-4174-812E-00C774370C61}.Release_Static_SSE|Win32.Build.0 = Release|Win32
		{14441867-4291-4174-812E-00C774370C61}.Release_Static_SSE|Windows Mobile 5.0 Pocket PC SDK (ARMV4I).ActiveCfg = Release|Win32
		{14441867-4291-4174-812E-00C774370C61}.Release|Pocket PC 2003 (ARMV4).ActiveCfg = Release|Win32
		{14441867-4291-4174-812E-00C774370C61}.Release|SDK1_emu (ARMV4I).ActiveCfg = Release|Win32
		{14441867-4291-4174-812E-00C774370C61}.Release|sipx_CE60_emulator (ARMV4I).ActiveCfg = Release|Win32
		{14441867-4291-4174-812E-00C774370C61}.Release|Win32.ActiveCfg = Release|Win32
		{14441867-4291-4174-812E-00C774370C61}.Release|Windows Mobile 5.0 Pocket PC SDK (ARMV4I).ActiveCfg = Release|Win32
		{0FF92063-90A6-41B2-947B-AD3ADAE06FAC}.Debug|Pocket PC 2003 (ARMV4).ActiveCfg = Debug|Win32
		{0FF92063-90A6-41B2-947B-AD3ADAE06FAC}.Debug|SDK1_emu (ARMV4I).ActiveCfg = Debug|Win32
		{0FF92063-90A6-41B2-947B-AD3ADAE06FAC}.Debug|sipx_CE60_emulator (ARMV4I).ActiveCfg = Debug|Win32
		{0FF92063-90A6-41B2-947B-AD3ADAE06FAC}.Debug|Win32.ActiveCfg = Debug|Win32
		{0FF92063-90A6-41B2-947B-AD3ADAE06FAC}.Debug|Win32.Build.0 = Debug|Win32
		{0FF92063-90A6-41B2-947B-AD3ADAE06FAC}.Debug|Windows Mobile 5.0 Pocket PC SDK (ARMV4I).ActiveCfg = Debug|Win32
		{0FF92063-90A6-41B2-947B-AD3ADAE06FAC}.Release_Dynamic_SSE|Pocket PC 2003 (ARMV4).ActiveCfg = Release|Win32
		{0FF92063-90A6-41B2-947B-AD3ADAE06FAC}.Release_Dynamic_SSE|SDK1_emu (ARMV4I).ActiveCfg = Release|Win32
		{0FF92063-90A6-41B2-947B-AD3ADAE06FAC}.Release_Dynamic_SSE|sipx_CE60_emulator (ARMV4I).ActiveCfg = Release|Win32
		{0FF92063-90A6-41B2-947B-AD3ADAE06FAC}.Release_Dynamic_SSE|Win32.ActiveCfg = Release|Win32
		{0FF92063-90A6-41B2-947B-AD3ADAE06FAC}.Release_Dynamic_SSE|Win32.Build.0 = Release|Win32
		{0FF92063-90A6-41B2-947B-AD3ADAE06FAC}.Release_Dynamic_SSE|Windows Mobile 5.0 Pocket PC SDK (ARMV4I).ActiveCfg = Release|Win32
		{0FF92063-90A6-41B2-947B-AD3ADAE06FAC}.Release_Static_SSE|Pocket PC 2003 (ARMV4).ActiveCfg = Release|Win32
		{0FF92063-90A6-41B2-947B-AD3ADAE06FAC}.Release_Static_SSE|SDK1_emu (ARMV4I).ActiveCfg = Release|Win32
		{0FF92063-90A6-41B2-947B-AD3ADAE06FAC}.Release_Static_SSE|sipx_CE60_emulator (ARMV4I).ActiveCfg = Release|Win32
		{0FF92063-90A6-41B2-947B-AD3ADAE06FAC}.Release_Static_SSE|Win32.ActiveCfg = Release|Win32
		{0FF92063-90A6-41B2-947B-AD3ADAE06FAC}.Release_Static_SSE|Win32.Build.0 = Release|Win32
		{0FF92063-90A6-41B2-947B-AD3ADAE06FAC}.Release_Static_SSE|Windows Mobile 5.0 Pocket PC SDK (ARMV4I).ActiveCfg = Release|Win32
		{0FF92063-90A6-41B2-947B-AD3ADAE06FAC}.Release|Pocket PC 2003 (ARMV4).ActiveCfg = Release|Win32
		{0FF92063-90A6-41B2-947B-AD3ADAE06FAC}.Release|SDK1_emu (ARMV4I).ActiveCfg = Release|Win32
		{0FF92063-90A6-41B2-947B-AD3ADAE06FAC}.Release|sipx_CE60_emulator (ARMV4I).ActiveCfg = Release|Win32
		{0FF92063-90A6-41B2-947B-AD3ADAE06FAC}.Release|Win32.ActiveCfg = Release|Win32
		{0FF92063-90A6-41B2-947B-AD3ADAE06FAC}.Release|Windows Mobile 5.0 Pocket PC SDK (ARMV4I).ActiveCfg = Release|Win32
		{8D059DA8-5A65-478F-BFFC-14BCC71764C9}.Debug|Pocket PC 2003 (ARMV4).ActiveCfg = Debug|Win32
		{8D059DA8-5A65-478F-BFFC-14BCC71764C9}.Debug|SDK1_emu (ARMV4I).ActiveCfg = Debug|Win32
		{8D059DA8-5A65-478F-BFFC-14BCC71764C9}.Debug|sipx_CE60_emulator (ARMV4I).ActiveCfg = Debug|Win32
		{8D059DA8-5A65-478F-BFFC-14BCC71764C9}.Debug|Win32.ActiveCfg = Debug|Win32
		{8D059DA8-5A65-478F-BFFC-14BCC71764C9}.Debug|Windows Mobile 5.0 Pocket PC SDK (ARMV4I).ActiveCfg = Debug|Win32
		{8D059DA8-5A65-478F-BFFC-14BCC71764C9}.Release_Dynamic_SSE|Pocket PC 2003 (ARMV4).ActiveCfg = Release|Win32
		{8D059DA8-5A65-478F-BFFC-14BCC71764C9}.Release_Dynamic_SSE|SDK1_emu (ARMV4I).ActiveCfg = Release|Win32
		{8D059DA8-5A65-478F-BFFC-14BCC71764C9}.Release_Dynamic_SSE|sipx_CE60_emulator (ARMV4I).ActiveCfg = Release|Win32
		{8D059DA8-5A65-478F-BFFC-14BCC71764C9}.Release_Dynamic_SSE|Win32.ActiveCfg = Release|Win32
		{8D059DA8-5A65-478F-BFFC-14BCC71764C9}.Release_Dynamic_SSE|Win32.Build.0 = Release|Win32
		{8D059DA8-5A65-478F-BFFC-14BCC71764C9}.Release_Dynamic_SSE|Windows Mobile 5.0 Pocket PC SDK (ARMV4I).ActiveCfg = Release|Win32
		{8D059DA8-5A65-478F-BFFC-14BCC71764C9}.Release_Static_SSE|Pocket PC 2003 (ARMV4).ActiveCfg = Release|Win32
		{8D059DA8-5A65-478F-BFFC-14BCC71764C9}.Release_Static_SSE|SDK1_emu (ARMV4I).ActiveCfg = Release|Win32
		{8D059DA8-5A65-478F-BFFC-14BCC71764C9}.Release_Static_SSE|sipx_CE60_emulator (ARMV4I).ActiveCfg = Release|Win32
		{8D059DA8-5A65-478F-BFFC-14BCC71764C9}.Release_Static_SSE|Win32.ActiveCfg = Release|Win32
		{8D059DA8-5A65-478F-BFFC-14BCC71764C9}.Release_Static_SSE|Win32.Build.0 = Release|Win32
		{8D059DA8-5A65-478F-BFFC-14BCC71764C9}.Release_Static_SSE|Windows Mobile 5.0 Pocket PC SDK (ARMV4I).ActiveCfg = Release|Win32
		{8D059DA8-5A65-478F-BFFC-14BCC71764C9}.Release|Pocket PC 2003 (ARMV4).ActiveCfg = Release|Win32
		{8D059DA8-5A65-478F-BFFC-14BCC71764C9}.Release|SDK1_emu (ARMV4I).ActiveCfg = Release|Win32
		{8D059DA8-5A65-478F-BFFC-14BCC71764C9}.Release|sipx_CE60_emulator (ARMV4I).ActiveCfg = Release|Win32
		{8D059DA8-5A65-478F-BFFC-14BCC71764C9}.Release|Win32.ActiveCfg = Release|Win32
		{8D059DA8-5A65-478F-BFFC-14BCC71764C9}.Release|Windows Mobile 5.0 Pocket PC SDK (ARMV4I).ActiveCfg = Release|Win32
		{993B6878-2EA7-49E0-AC6E-28C68592724B}.Debug|Pocket PC 2003 (ARMV4).ActiveCfg = Debug|Win32
		{993B6878-2EA7-49E0-AC6E-28C68592724B}.Debug|SDK1_emu (ARMV4I).ActiveCfg = Debug|Win32
		{993B6878-2EA7-49E0-AC6E-28C68592724B}.Debug|sipx_CE60_emulator (ARMV4I).ActiveCfg = Debug|Win32
		{993B6878-2EA7-49E0-AC6E-28C68592724B}.Debug|Win32.ActiveCfg = Debug|Win32
		{993B6878-2EA7-49E0-AC6E-28C68592724B}.Debug|Win32.Build.0 = Debug|Win32
		{993B6878-2EA7-49E0-AC6E-28C68592724B}.Debug|Windows Mobile 5.0 Pocket PC SDK (ARMV4I).ActiveCfg = Debug|Win32
		{993B6878-2EA7-49E0-AC6E-28C68592724B}.Release_Dynamic_SSE|Pocket PC 2003 (ARMV4).ActiveCfg = Release_Static|Win32
		{993B6878-2EA7-49E0-AC6E-28C68592724B}.Release_Dynamic_SSE|SDK1_emu (ARMV4I).ActiveCfg = Release_Static|Win32
		{993B6878-2EA7-49E0-AC6E-28C68592724B}.Release_Dynamic_SSE|sipx_CE60_emulator (ARMV4I).ActiveCfg = Release_Static|Win32
		{993B6878-2EA7-49E0-AC6E-28C68592724B}.Release_Dynamic_SSE|Win32.ActiveCfg = Release_Static|Win32
		{993B6878-2EA7-49E0-AC6E-28C68592724B}.Release_Dynamic_SSE|Win32.Build.0 = Release_Static|Win32
		{993B6878-2EA7-49E0-AC6E-28C68592724B}.Release_Dynamic_SSE|Windows Mobile 5.0 Pocket PC SDK (ARMV4I).ActiveCfg = Release_Static|Win32
		{993B6878-2EA7-49E0-AC6E-28C68592724B}.Release_Static_SSE|Pocket PC 2003 (ARMV4).ActiveCfg = Release_Static|Win32
		{993B6878-2EA7-49E0-AC6E-28C68592724B}.Release_Static_SSE|SDK1_emu (ARMV4I).ActiveCfg = Release_Static|Win32
		{993B6878-2EA7-49E0-AC6E-28C68592724B}.Release_Static_SSE|sipx_CE60_emulator (ARMV4I).ActiveCfg = Release_Static|Win32
		{993B6878-2EA7-49E0-AC6E-28C68592724B}.Release_Static_SSE|Win32.ActiveCfg = Release_Static|Win32
		{993B6878-2EA7-49E0-AC6E-28C68592724B}.Release_Static_SSE|Win32.Build.0 = Release_Static|Win32
		{993B6878-2EA7-49E0-AC6E-28C68592724B}.Release_Static_SSE|Windows Mobile 5.0 Pocket PC SDK (ARMV4I).ActiveCfg = Release_Static|Win32
		{993B6878-2EA7-49E0-AC6E-28C68592724B}.Release|Pocket PC 2003 (ARMV4).ActiveCfg = Release_Static|Win32
		{993B6878-2EA7-49E0-AC6E-28C68592724B}.Release|SDK1_emu (ARMV4I).ActiveCfg = Release_Static|Win32
		{993B6878-2EA7-49E0-AC6E-28C68592724B}.Release|sipx_CE60_emulator (ARMV4I).ActiveCfg = Release_Static|Win32
		{993B6878-2EA7-49E0-AC6E-28C68592724B}.Release|Win32.ActiveCfg = Release_Static|Win32
		{993B6878-2EA7-49E0-AC6E-28C68592724B}.Release|Win32.Build.0 = Release_Static|Win32
		{993B6878-2EA7-49E0-AC6E-28C68592724B}.Release|Windows Mobile 5.0 Pocket PC SDK (ARMV4I).ActiveCfg = Release_Static|Win32
		{8AE1AB5C-9815-42D8-9A09-0B4F1E64B4BB}.Debug|Pocket PC 2003 (ARMV4).ActiveCfg = Debug|Win32
		{8AE1AB5C-9815-42D8-9A09-0B4F1E64B4BB}.Debug|SDK1_emu (ARMV4I).ActiveCfg = Debug|Win32
		{8AE1AB5C-9815-42D8-9A09-0B4F1E64B4BB}.Debug|sipx_CE60_emulator (ARMV4I).ActiveCfg = Debug|Win32
		{8AE1AB5C-9815-42D8-9A09-0B4F1E64B4BB}.Debug|Win32.ActiveCfg = Debug|Win32
		{8AE1AB5C-9815-42D8-9A09-0B4F1E64B4BB}.Debug|Win32.Build.0 = Debug|Win32
		{8AE1AB5C-9815-42D8-9A09-0B4F1E64B4BB}.Debug|Windows Mobile 5.0 Pocket PC SDK (ARMV4I).ActiveCfg = Debug|Win32
		{8AE1AB5C-9815-42D8-9A09-0B4F1E64B4BB}.Release_Dynamic_SSE|Pocket PC 2003 (ARMV4).ActiveCfg = Release|Win32
		{8AE1AB5C-9815-42D8-9A09-0B4F1E64B4BB}.Release_Dynamic_SSE|SDK1_emu (ARMV4I).ActiveCfg = Release|Win32
		{8AE1AB5C-9815-42D8-9A09-0B4F1E64B4BB}.Release_Dynamic_SSE|sipx_CE60_emulator (ARMV4I).ActiveCfg = Release|Win32
		{8AE1AB5C-9815-42D8-9A09-0B4F1E64B4BB}.Release_Dynamic_SSE|Win32.ActiveCfg = Release|Win32
		{8AE1AB5C-9815-42D8-9A09-0B4F1E64B4BB}.Release_Dynamic_SSE|Win32.Build.0 = Release|Win32
		{8AE1AB5C-9815-42D8-9A09-0B4F1E64B4BB}.Release_Dynamic_SSE|Windows Mobile 5.0 Pocket PC SDK (ARMV4I).ActiveCfg = Release|Win32
		{8AE1AB5C-9815-42D8-9A09-0B4F1E64B4BB}.Release_Static_SSE|Pocket PC 2003 (ARMV4).ActiveCfg = Release|Win32
		{8AE1AB5C-9815-42D8-9A09-0B4F1E64B4BB}.Release_Static_SSE|SDK1_emu (ARMV4I).ActiveCfg = Release|Win32
		{8AE1AB5C-9815-42D8-9A09-0B4F1E64B4BB}.Release_Static_SSE|sipx_CE60_emulator (ARMV4I).ActiveCfg = Release|Win32
		{8AE1AB5C-9815-42D8-9A09-0B4F1E64B4BB}.Release_Static_SSE|Win32.ActiveCfg = Release|Win32
		{8AE1AB5C-9815-42D8-9A09-0B4F1E64B4BB}.Release_Static_SSE|Win32.Build.0 = Release|Win32
		{8AE1AB5C-9815-42D8-9A09-0B4F1E64B4BB}.Release_Static_SSE|Windows Mobile 5.0 Pocket PC SDK (ARMV4I).ActiveCfg = Release|Win32
		{8AE1AB5C-9815-42D8-9A09-0B4F1E64B4BB}.Release|Pocket PC 2003 (ARMV4).ActiveCfg = Release|Win32
		{8AE1AB5C-9815-42D8-9A09-0B4F1E64B4BB}.Release|SDK1_emu (ARMV4I).ActiveCfg = Release|Win32
		{8AE1AB5C-9815-42D8-9A09-0B4F1E64B4BB}.Release|sipx_CE60_emulator (ARMV4I).ActiveCfg = Release|Win32
		{8AE1AB5C-9815-42D8-9A09-0B4F1E64B4BB}.Release|Win32.ActiveCfg = Release|Win32
		{8AE1AB5C-9815-42D8-9A09-0B4F1E64B4BB}.Release|Win32.Build.0 = Release|Win32
		{8AE1AB5C-9815-42D8-9A09-0B4F1E64B4BB}.Release|Windows Mobile 5.0 Pocket PC SDK (ARMV4I).ActiveCfg = Release|Win32
		{6442C7DE-E500-4BA2-B821-98092F1EDCAF}.Debug|Pocket PC 2003 (ARMV4).ActiveCfg = Debug|Win32
		{6442C7DE-E500-4BA2-B821-98092F1EDCAF}.Debug|SDK1_emu (ARMV4I).ActiveCfg = Debug|Win32
		{6442C7DE-E500-4BA2-B821-98092F1EDCAF}.Debug|sipx_CE60_emulator (ARMV4I).ActiveCfg = Debug|Win32
		{6442C7DE-E500-4BA2-B821-98092F1EDCAF}.Debug|Win32.ActiveCfg = Debug|Win32
		{6442C7DE-E500-4BA2-B821-98092F1EDCAF}.Debug|Win32.Build.0 = Debug|Win32
		{6442C7DE-E500-4BA2-B821-98092F1EDCAF}.Debug|Windows Mobile 5.0 Pocket PC SDK (ARMV4I).ActiveCfg = Debug|Win32
		{6442C7DE-E500-4BA2-B821-98092F1EDCAF}.Release_Dynamic_SSE|Pocket PC 2003 (ARMV4).ActiveCfg = Release|Win32
		{6442C7DE-E500-4BA2-B821-98092F1EDCAF}.Release_Dynamic_SSE|SDK1_emu (ARMV4I).ActiveCfg = Release|Win32
		{6442C7DE-E500-4BA2-B821-98092F1EDCAF}.Release_Dynamic_SSE|sipx_CE60_emulator (ARMV4I).ActiveCfg = Release|Win32
		{6442C7DE-E500-4BA2-B821-98092F1EDCAF}.Release_Dynamic_SSE|Win32.ActiveCfg = Release|Win32
		{6442C7DE-E500-4BA2-B821-98092F1EDCAF}.Release_Dynamic_SSE|Win32.Build.0 = Release|Win32
		{6442C7DE-E500-4BA2-B821-98092F1EDCAF}.Release_Dynamic_SSE|Windows Mobile 5.0 Pocket PC SDK (ARMV4I).ActiveCfg = Release|Win32
		{6442C7DE-E500-4BA2-B821-98092F1EDCAF}.Release_Static_SSE|Pocket PC 2003 (ARMV4).ActiveCfg = Release|Win32
		{6442C7DE-E500-4BA2-B821-98092F1EDCAF}.Release_Static_SSE|SDK1_emu (ARMV4I).ActiveCfg = Release|Win32
		{6442C7DE-E500-4BA2-B821-98092F1EDCAF}.Release_Static_SSE|sipx_CE60_emulator (ARMV4I).ActiveCfg = Release|Win32
		{6442C7DE-E500-4BA2-B821-98092F1EDCAF}.Release_Static_SSE|Win32.ActiveCfg = Release|Win32
		{6442C7DE-E500-4BA2-B821-98092F1EDCAF}.Release_Static_SSE|Win32.Build.0 = Release|Win32
		{6442C7DE-E500-4BA2-B821-98092F1EDCAF}.Release_Static_SSE|Windows Mobile 5.0 Pocket PC SDK (ARMV4I).ActiveCfg = Release|Win32
		{6442C7DE-E500-4BA2-B821-98092F1EDCAF}.Release|Pocket PC 2003 (ARMV4).ActiveCfg = Release|Win32
		{6442C7DE-E500-4BA2-B821-98092F1EDCAF}.Release|SDK1_emu (ARMV4I).ActiveCfg = Release|Win32
		{6442C7DE-E500-4BA2-B821-98092F1EDCAF}.Release|sipx_CE60_emulator (ARMV4I).ActiveCfg = Release|Win32
		{6442C7DE-E500-4BA2-B821-98092F1EDCAF}.Release|Win32.ActiveCfg = Release|Win32
		{6442C7DE-E500-4BA2-B821-98092F1EDCAF}.Release|Win32.Build.0 = Release|Win32
		{6442C7DE-E500-4BA2-B821-98092F1EDCAF}.Release|Windows Mobile 5.0 Pocket PC SDK (ARMV4I).ActiveCfg = Release|Win32
		{A9C94D26-C90D-4860-8195-56929E893757}.Debug|Pocket PC 2003 (ARMV4).ActiveCfg = Debug|Win32
		{A9C94D26-C90D-4860-8195-56929E893757}.Debug|SDK1_emu (ARMV4I).ActiveCfg = Debug|Win32
		{A9C94D26-C90D-4860-8195-56929E893757}.Debug|sipx_CE60_emulator (ARMV4I).ActiveCfg = Debug|Win32
		{A9C94D26-C90D-4860-8195-56929E893757}.Debug|Win32.ActiveCfg = Debug|Win32
		{A9C94D26-C90D-4860-8195-56929E893757}.Debug|Win32.Build.0 = Debug|Win32
		{A9C94D26-C90D-4860-8195-56929E893757}.Debug|Windows Mobile 5.0 Pocket PC SDK (ARMV4I).ActiveCfg = Debug|Win32
		{A9C94D26-C90D-4860-8195-56929E893757}.Release_Dynamic_SSE|Pocket PC 2003 (ARMV4).ActiveCfg = Release|Win32
		{A9C94D26-C90D-4860-8195-56929E893757}.Release_Dynamic_SSE|SDK1_emu (ARMV4I).ActiveCfg = Release|Win32
		{A9C94D26-C90D-4860-8195-56929E893757}.Release_Dynamic_SSE|sipx_CE60_emulator (ARMV4I).ActiveCfg = Release|Win32
		{A9C94D26-C90D-4860-8195-56929E893757}.Release_Dynamic_SSE|Win32.ActiveCfg = Release|Win32
		{A9C94D26-C90D-4860-8195-56929E893757}.Release_Dynamic_SSE|Win32.Build.0 = Release|Win32
		{A9C94D26-C90D-4860-8195-56929E893757}.Release_Dynamic_SSE|Windows Mobile 5.0 Pocket PC SDK (ARMV4I).ActiveCfg = Release|Win32
		{A9C94D26-C90D-4860-8195-56929E893757}.Release_Static_SSE|Pocket PC 2003 (ARMV4).ActiveCfg = Release|Win32
		{A9C94D26-C90D-4860-8195-56929E893757}.Release_Static_SSE|SDK1_emu (ARMV4I).ActiveCfg = Release|Win32
		{A9C94D26-C90D-4860-8195-56929E893757}.Release_Static_SSE|sipx_CE60_emulator (ARMV4I).ActiveCfg = Release|Win32
		{A9C94D26-C90D-4860-8195-56929E893757}.Release_Static_SSE|Win32.ActiveCfg = Release|Win32
		{A9C94D26-C90D-4860-8195-56929E893757}.Release_Static_SSE|Win32.Build.0 = Release|Win32
		{A9C94D26-C90D-4860-8195-56929E893757}.Release_Static_SSE|Windows Mobile 5.0 Pocket PC SDK (ARMV4I).ActiveCfg = Release|Win32
		{A9C94D26-C90D-4860-8195-56929E893757}.Release|Pocket PC 2003 (ARMV4).ActiveCfg = Release|Win32
		{A9C94D26-C90D-4860-8195-56929E893757}.Release|SDK1_emu (ARMV4I).ActiveCfg = Release|Win32
		{A9C94D26-C90D-4860-8195-56929E893757}.Release|sipx_CE60_emulator (ARMV4I).ActiveCfg = Release|Win32
		{A9C94D26-C90D-4860-8195-56929E893757}.Release|Win32.ActiveCfg = Release|Win32
		{A9C94D26-C90D-4860-8195-56929E893757}.Release|Win32.Build.0 = Release|Win32
		{A9C94D26-C90D-4860-8195-56929E893757}.Release|Windows Mobile 5.0 Pocket PC SDK (ARMV4I).ActiveCfg = Release|Win32
		{4F7FDA11-42A4-4556-A631-15AA785CD1C1}.Debug|Pocket PC 2003 (ARMV4).ActiveCfg = Debug|Win32
		{4F7FDA11-42A4-4556-A631-15AA785CD1C1}.Debug|SDK1_emu (ARMV4I).ActiveCfg = Debug|Win32
		{4F7FDA11-42A4-4556-A631-15AA785CD1C1}.Debug|sipx_CE60_emulator (ARMV4I).ActiveCfg = Debug|Win32
		{4F7FDA11-42A4-4556-A631-15AA785CD1C1}.Debug|Win32.ActiveCfg = Debug|Win32
		{4F7FDA11-42A4-4556-A631-15AA785CD1C1}.Debug|Win32.Build.0 = Debug|Win32
		{4F7FDA11-42A4-4556-A631-15AA785CD1C1}.Debug|Windows Mobile 5.0 Pocket PC SDK (ARMV4I).ActiveCfg = Debug|Win32
		{4F7FDA11-42A4-4556-A631-15AA785CD1C1}.Release_Dynamic_SSE|Pocket PC 2003 (ARMV4).ActiveCfg = Release|Win32
		{4F7FDA11-42A4-4556-A631-15AA785CD1C1}.Release_Dynamic_SSE|SDK1_emu (ARMV4I).ActiveCfg = Release|Win32
		{4F7FDA11-42A4-4556-A631-15AA785CD1C1}.Release_Dynamic_SSE|sipx_CE60_emulator (ARMV4I).ActiveCfg = Release|Win32
		{4F7FDA11-42A4-4556-A631-15AA785CD1C1}.Release_Dynamic_SSE|Win32.ActiveCfg = Release|Win32
		{4F7FDA11-42A4-4556-A631-15AA785CD1C1}.Release_Dynamic_SSE|Win32.Build.0 = Release|Win32
		{4F7FDA11-42A4-4556-A631-15AA785CD1C1}.Release_Dynamic_SSE|Windows Mobile 5.0 Pocket PC SDK (ARMV4I).ActiveCfg = Release|Win32
		{4F7FDA11-42A4-4556-A631-15AA785CD1C1}.Release_Static_SSE|Pocket PC 2003 (ARMV4).ActiveCfg = Release|Win32
		{4F7FDA11-42A4-4556-A631-15AA785CD1C1}.Release_Static_SSE|SDK1_emu (ARMV4I).ActiveCfg = Release|Win32
		{4F7FDA11-42A4-4556-A631-15AA785CD1C1}.Release_Static_SSE|sipx_CE60_emulator (ARMV4I).ActiveCfg = Release|Win32
		{4F7FDA11-42A4-4556-A631-15AA785CD1C1}.Release_Static_SSE|Win32.ActiveCfg = Release|Win32
		{4F7FDA11-42A4-4556-A631-15AA785CD1C1}.Release_Static_SSE|Win32.Build.0 = Release|Win32
		{4F7FDA11-42A4-4556-A631-15AA785CD1C1}.Release_Static_SSE|Windows Mobile 5.0 Pocket PC SDK (ARMV4I).ActiveCfg = Release|Win32
		{4F7FDA11-42A4-4556-A631-15AA785CD1C1}.Release|Pocket PC 2003 (ARMV4).ActiveCfg = Release|Win32
		{4F7FDA11-42A4-4556-A631-15AA785CD1C1}.Release|SDK1_emu (ARMV4I).ActiveCfg = Release|Win32
		{4F7FDA11-42A4-4556-A631-15AA785CD1C1}.Release|sipx_CE60_emulator (ARMV4I).ActiveCfg = Release|Win32
		{4F7FDA11-42A4-4556-A631-15AA785CD1C1}.Release|Win32.ActiveCfg = Release|Win32
		{4F7FDA11-42A4-4556-A631-15AA785CD1C1}.Release|Win32.Build.0 = Release|Win32
		{4F7FDA11-42A4-4556-A631-15AA785CD1C1}.Release|Windows Mobile 5.0 Pocket PC SDK (ARMV4I).ActiveCfg = Release|Win32
		{214007F3-D6E8-4B07-AC00-9FB673FF539E}.Debug|Pocket PC 2003 (ARMV4).ActiveCfg = Debug|Win32
		{214007F3-D6E8-4B07-AC00-9FB673FF539E}.Debug|SDK1_emu (ARMV4I).ActiveCfg = Debug|Win32
		{214007F3-D6E8-4B07-AC00-9FB673FF539E}.Debug|sipx_CE60_emulator (ARMV4I).ActiveCfg = Debug|Win32
		{214007F3-D6E8-4B07-AC00-9FB673FF539E}.Debug|Win32.ActiveCfg = Debug|Win32
		{214007F3-D6E8-4B07-AC00-9FB673FF539E}.Debug|Win32.Build.0 = Debug|Win32
		{214007F3-D6E8-4B07-AC00-9FB673FF539E}.Debug|Windows Mobile 5.0 Pocket PC SDK (ARMV4I).ActiveCfg = Debug|Win32
		{214007F3-D6E8-4B07-AC00-9FB673FF539E}.Release_Dynamic_SSE|Pocket PC 2003 (ARMV4).ActiveCfg = Release|Win32
		{214007F3-D6E8-4B07-AC00-9FB673FF539E}.Release_Dynamic_SSE|SDK1_emu (ARMV4I).ActiveCfg = Release|Win32
		{214007F3-D6E8-4B07-AC00-9FB673FF539E}.Release_Dynamic_SSE|sipx_CE60_emulator (ARMV4I).ActiveCfg = Release|Win32
		{214007F3-D6E8-4B07-AC00-9FB673FF539E}.Release_Dynamic_SSE|Win32.ActiveCfg = Release|Win32
		{214007F3-D6E8-4B07-AC00-9FB673FF539E}.Release_Dynamic_SSE|Win32.Build.0 = Release|Win32
		{214007F3-D6E8-4B07-AC00-9FB673FF539E}.Release_Dynamic_SSE|Windows Mobile 5.0 Pocket PC SDK (ARMV4I).ActiveCfg = Release|Win32
		{214007F3-D6E8-4B07-AC00-9FB673FF539E}.Release_Static_SSE|Pocket PC 2003 (ARMV4).ActiveCfg = Release|Win32
		{214007F3-D6E8-4B07-AC00-9FB673FF539E}.Release_Static_SSE|SDK1_emu (ARMV4I).ActiveCfg = Release|Win32
		{214007F3-D6E8-4B07-AC00-9FB673FF539E}.Release_Static_SSE|sipx_CE60_emulator (ARMV4I).ActiveCfg = Release|Win32
		{214007F3-D6E8-4B07-AC00-9FB673FF539E}.Release_Static_SSE|Win32.ActiveCfg = Release|Win32
		{214007F3-D6E8-4B07-AC00-9FB673FF539E}.Release_Static_SSE|Win32.Build.0 = Release|Win32
		{214007F3-D6E8-4B07-AC00-9FB673FF539E}.Release_Static_SSE|Windows Mobile 5.0 Pocket PC SDK (ARMV4I).ActiveCfg = Release|Win32
		{214007F3-D6E8-4B07-AC00-9FB673FF539E}.Release|Pocket PC 2003 (ARMV4).ActiveCfg = Release|Win32
		{214007F3-D6E8-4B07-AC00-9FB673FF539E}.Release|SDK1_emu (ARMV4I).ActiveCfg = Release|Win32
		{214007F3-D6E8-4B07-AC00-9FB673FF539E}.Release|sipx_CE60_emulator (ARMV4I).ActiveCfg = Release|Win32
		{214007F3-D6E8-4B07-AC00-9FB673FF539E}.Release|Win32.ActiveCfg = Release|Win32
		{214007F3-D6E8-4B07-AC00-9FB673FF539E}.Release|Win32.Build.0 = Release|Win32
		{214007F3-D6E8-4B07-AC00-9FB673FF539E}.Release|Windows Mobile 5.0 Pocket PC SDK (ARMV4I).ActiveCfg = Release|Win32
		{F3BCA14E-F24D-4570-833E-8C20C4C393F7}.Debug|Pocket PC 2003 (ARMV4).ActiveCfg = Debug|Win32
		{F3BCA14E-F24D-4570-833E-8C20C4C393F7}.Debug|SDK1_emu (ARMV4I).ActiveCfg = Debug|Win32
		{F3BCA14E-F24D-4570-833E-8C20C4C393F7}.Debug|sipx_CE60_emulator (ARMV4I).ActiveCfg = Debug|Win32
		{F3BCA14E-F24D-4570-833E-8C20C4C393F7}.Debug|Win32.ActiveCfg = Debug|Win32
		{F3BCA14E-F24D-4570-833E-8C20C4C393F7}.Debug|Win32.Build.0 = Debug|Win32
		{F3BCA14E-F24D-4570-833E-8C20C4C393F7}.Debug|Windows Mobile 5.0 Pocket PC SDK (ARMV4I).ActiveCfg = Debug|Win32
		{F3BCA14E-F24D-4570-833E-8C20C4C393F7}.Release_Dynamic_SSE|Pocket PC 2003 (ARMV4).ActiveCfg = Release|Win32
		{F3BCA14E-F24D-4570-833E-8C20C4C393F7}.Release_Dynamic_SSE|SDK1_emu (ARMV4I).ActiveCfg = Release|Win32
		{F3BCA14E-F24D-4570-833E-8C20C4C393F7}.Release_Dynamic_SSE|sipx_CE60_emulator (ARMV4I).ActiveCfg = Release|Win32
		{F3BCA14E-F24D-4570-833E-8C20C4C393F7}.Release_Dynamic_SSE|Win32.ActiveCfg = Release|Win32
		{F3BCA14E-F24D-4570-833E-8C20C4C393F7}.Release_Dynamic_SSE|Win32.Build.0 = Release|Win32
		{F3BCA14E-F24D-4570-833E-8C20C4C393F7}.Release_Dynamic_SSE|Windows Mobile 5.0 Pocket PC SDK (ARMV4I).ActiveCfg = Release|Win32
		{F3BCA14E-F24D-4570-833E-8C20C4C393F7}.Release_Static_SSE|Pocket PC 2003 (ARMV4).ActiveCfg = Release|Win32
		{F3BCA14E-F24D-4570-833E-8C20C4C393F7}.Release_Static_SSE|SDK1_emu (ARMV4I).ActiveCfg = Release|Win32
		{F3BCA14E-F24D-4570-833E-8C20C4C393F7}.Release_Static_SSE|sipx_CE60_emulator (ARMV4I).ActiveCfg = Release|Win32
		{F3BCA14E-F24D-4570-833E-8C20C4C393F7}.Release_Static_SSE|Win32.ActiveCfg = Release|Win32
		{F3BCA14E-F24D-4570-833E-8C20C4C393F7}.Release_Static_SSE|Win32.Build.0 = Release|Win32
		{F3BCA14E-F24D-4570-833E-8C20C4C393F7}.Release_Static_SSE|Windows Mobile 5.0 Pocket PC SDK (ARMV4I).ActiveCfg = Release|Win32
		{F3BCA14E-F24D-4570-833E-8C20C4C393F7}.Release|Pocket PC 2003 (ARMV4).ActiveCfg = Release|Win32
		{F3BCA14E-F24D-4570-833E-8C20C4C393F7}.Release|SDK1_emu (ARMV4I).ActiveCfg = Release|Win32
		{F3BCA14E-F24D-4570-833E-8C20C4C393F7}.Release|sipx_CE60_emulator (ARMV4I).ActiveCfg = Release|Win32
		{F3BCA14E-F24D-4570-833E-8C20C4C393F7}.Release|Win32.ActiveCfg = Release|Win32
		{F3BCA14E-F24D-4570-833E-8C20C4C393F7}.Release|Win32.Build.0 = Release|Win32
		{F3BCA14E-F24D-4570-833E-8C20C4C393F7}.Release|Windows Mobile 5.0 Pocket PC SDK (ARMV4I).ActiveCfg = Release|Win32
		{E972C52F-9E85-4D65-B19C-031E511E9DB4}.Debug|Pocket PC 2003 (ARMV4).ActiveCfg = Debug|Win32
		{E972C52F-9E85-4D65-B19C-031E511E9DB4}.Debug|SDK1_emu (ARMV4I).ActiveCfg = Debug|Win32
		{E972C52F-9E85-4D65-B19C-031E511E9DB4}.Debug|sipx_CE60_emulator (ARMV4I).ActiveCfg = Debug|Win32
		{E972C52F-9E85-4D65-B19C-031E511E9DB4}.Debug|Win32.ActiveCfg = Debug|Win32
		{E972C52F-9E85-4D65-B19C-031E511E9DB4}.Debug|Win32.Build.0 = Debug|Win32
		{E972C52F-9E85-4D65-B19C-031E511E9DB4}.Debug|Windows Mobile 5.0 Pocket PC SDK (ARMV4I).ActiveCfg = Debug|Win32
		{E972C52F-9E85-4D65-B19C-031E511E9DB4}.Release_Dynamic_SSE|Pocket PC 2003 (ARMV4).ActiveCfg = Release_Dynamic_SSE|Win32
		{E972C52F-9E85-4D65-B19C-031E511E9DB4}.Release_Dynamic_SSE|SDK1_emu (ARMV4I).ActiveCfg = Release_Dynamic_SSE|Win32
		{E972C52F-9E85-4D65-B19C-031E511E9DB4}.Release_Dynamic_SSE|sipx_CE60_emulator (ARMV4I).ActiveCfg = Release_Dynamic_SSE|Win32
		{E972C52F-9E85-4D65-B19C-031E511E9DB4}.Release_Dynamic_SSE|Win32.ActiveCfg = Release_Dynamic_SSE|Win32
		{E972C52F-9E85-4D65-B19C-031E511E9DB4}.Release_Dynamic_SSE|Win32.Build.0 = Release_Dynamic_SSE|Win32
		{E972C52F-9E85-4D65-B19C-031E511E9DB4}.Release_Dynamic_SSE|Windows Mobile 5.0 Pocket PC SDK (ARMV4I).ActiveCfg = Release_Dynamic_SSE|Win32
		{E972C52F-9E85-4D65-B19C-031E511E9DB4}.Release_Static_SSE|Pocket PC 2003 (ARMV4).ActiveCfg = Release_Static_SSE|Win32
		{E972C52F-9E85-4D65-B19C-031E511E9DB4}.Release_Static_SSE|SDK1_emu (ARMV4I).ActiveCfg = Release_Static_SSE|Win32
		{E972C52F-9E85-4D65-B19C-031E511E9DB4}.Release_Static_SSE|sipx_CE60_emulator (ARMV4I).ActiveCfg = Release_Static_SSE|Win32
		{E972C52F-9E85-4D65-B19C-031E511E9DB4}.Release_Static_SSE|Win32.ActiveCfg = Release_Static_SSE|Win32
		{E972C52F-9E85-4D65-B19C-031E511E9DB4}.Release_Static_SSE|Win32.Build.0 = Release_Static_SSE|Win32
		{E972C52F-9E85-4D65-B19C-031E511E9DB4}.Release_Static_SSE|Windows Mobile 5.0 Pocket PC SDK (ARMV4I).ActiveCfg = Release_Static_SSE|Win32
		{E972C52F-9E85-4D65-B19C-031E511E9DB4}.Release|Pocket PC 2003 (ARMV4).ActiveCfg = Release|Win32
		{E972C52F-9E85-4D65-B19C-031E511E9DB4}.Release|SDK1_emu (ARMV4I).ActiveCfg = Release|Win32
		{E972C52F-9E85-4D65-B19C-031E511E9DB4}.Release|sipx_CE60_emulator (ARMV4I).ActiveCfg = Release|Win32
		{E972C52F-9E85-4D65-B19C-031E511E9DB4}.Release|Win32.ActiveCfg = Release|Win32
		{E972C52F-9E85-4D65-B19C-031E511E9DB4}.Release|Win32.Build.0 = Release|Win32
		{E972C52F-9E85-4D65-B19C-031E511E9DB4}.Release|Windows Mobile 5.0 Pocket PC SDK (ARMV4I).ActiveCfg = Release|Win32
		{DEFDF925-5567-4E4E-B3B6-E737BEAF65CD}.Debug|Pocket PC 2003 (ARMV4).ActiveCfg = Debug|Win32
		{DEFDF925-5567-4E4E-B3B6-E737BEAF65CD}.Debug|SDK1_emu (ARMV4I).ActiveCfg = Debug|Win32
		{DEFDF925-5567-4E4E-B3B6-E737BEAF65CD}.Debug|sipx_CE60_emulator (ARMV4I).ActiveCfg = Debug|Win32
		{DEFDF925-5567-4E4E-B3B6-E737BEAF65CD}.Debug|Win32.ActiveCfg = Debug|Win32
		{DEFDF925-5567-4E4E-B3B6-E737BEAF65CD}.Debug|Win32.Build.0 = Debug|Win32
		{DEFDF925-5567-4E4E-B3B6-E737BEAF65CD}.Debug|Windows Mobile 5.0 Pocket PC SDK (ARMV4I).ActiveCfg = Debug|Win32
		{DEFDF925-5567-4E4E-B3B6-E737BEAF65CD}.Release_Dynamic_SSE|Pocket PC 2003 (ARMV4).ActiveCfg = Release|Win32
		{DEFDF925-5567-4E4E-B3B6-E737BEAF65CD}.Release_Dynamic_SSE|SDK1_emu (ARMV4I).ActiveCfg = Release|Win32
		{DEFDF925-5567-4E4E-B3B6-E737BEAF65CD}.Release_Dynamic_SSE|sipx_CE60_emulator (ARMV4I).ActiveCfg = Release|Win32
		{DEFDF925-5567-4E4E-B3B6-E737BEAF65CD}.Release_Dynamic_SSE|Win32.ActiveCfg = Release|Win32
		{DEFDF925-5567-4E4E-B3B6-E737BEAF65CD}.Release_Dynamic_SSE|Win32.Build.0 = Release|Win32
		{DEFDF925-5567-4E4E-B3B6-E737BEAF65CD}.Release_Dynamic_SSE|Windows Mobile 5.0 Pocket PC SDK (ARMV4I).ActiveCfg = Release|Win32
		{DEFDF925-5567-4E4E-B3B6-E737BEAF65CD}.Release_Static_SSE|Pocket PC 2003 (ARMV4).ActiveCfg = Release|Win32
		{DEFDF925-5567-4E4E-B3B6-E737BEAF65CD}.Release_Static_SSE|SDK1_emu (ARMV4I).ActiveCfg = Release|Win32
		{DEFDF925-5567-4E4E-B3B6-E737BEAF65CD}.Release_Static_SSE|sipx_CE60_emulator (ARMV4I).ActiveCfg = Release|Win32
		{DEFDF925-5567-4E4E-B3B6-E737BEAF65CD}.Release_Static_SSE|Win32.ActiveCfg = Release|Win32
		{DEFDF925-5567-4E4E-B3B6-E737BEAF65CD}.Release_Static_SSE|Win32.Build.0 = Release|Win32
		{DEFDF925-5567-4E4E-B3B6-E737BEAF65CD}.Release_Static_SSE|Windows Mobile 5.0 Pocket PC SDK (ARMV4I).ActiveCfg = Release|Win32
		{DEFDF925-5567-4E4E-B3B6-E737BEAF65CD}.Release|Pocket PC 2003 (ARMV4).ActiveCfg = Release|Win32
		{DEFDF925-5567-4E4E-B3B6-E737BEAF65CD}.Release|SDK1_emu (ARMV4I).ActiveCfg = Release|Win32
		{DEFDF925-5567-4E4E-B3B6-E737BEAF65CD}.Release|sipx_CE60_emulator (ARMV4I).ActiveCfg = Release|Win32
		{DEFDF925-5567-4E4E-B3B6-E737BEAF65CD}.Release|Win32.ActiveCfg = Release|Win32
		{DEFDF925-5567-4E4E-B3B6-E737BEAF65CD}.Release|Win32.Build.0 = Release|Win32
		{DEFDF925-5567-4E4E-B3B6-E737BEAF65CD}.Release|Windows Mobile 5.0 Pocket PC SDK (ARMV4I).ActiveCfg = Release|Win32
	EndGlobalSection
	GlobalSection(SolutionProperties) = preSolution
		HideSolutionNode = FALSE
	EndGlobalSection
EndGlobal
