<?xml version="1.0" encoding="utf-8"?>
<Project ToolsVersion="4.0" xmlns="http://schemas.microsoft.com/developer/msbuild/2003">
  <ItemGroup>
    <Filter Include="Source Files">
      <UniqueIdentifier>{7837eef8-35ce-4d93-b9eb-77e2808acbed}</UniqueIdentifier>
      <Extensions>cpp;c;cxx;rc;def;r;odl;idl;hpj;bat</Extensions>
    </Filter>
    <Filter Include="Header Files">
      <UniqueIdentifier>{d902042d-ec54-41b1-b7ee-aa0d0f7abb65}</UniqueIdentifier>
      <Extensions>h;hpp;hxx;hm;inl</Extensions>
    </Filter>
  </ItemGroup>
  <ItemGroup>
    <ClCompile Include="src\cp\CallManager.cpp">
      <Filter>Source Files</Filter>
    </ClCompile>
    <ClCompile Include="src\cp\Connection.cpp">
      <Filter>Source Files</Filter>
    </ClCompile>
    <ClCompile Include="src\cp\CpCall.cpp">
      <Filter>Source Files</Filter>
    </ClCompile>
    <ClCompile Include="src\cp\CpCallManager.cpp">
      <Filter>Source Files</Filter>
    </ClCompile>
    <ClCompile Include="src\cp\CpGatewayManager.cpp">
      <Filter>Source Files</Filter>
    </ClCompile>
    <ClCompile Include="src\cp\CpGhostConnection.cpp">
      <Filter>Source Files</Filter>
    </ClCompile>
    <ClCompile Include="src\cp\CpIntMessage.cpp">
      <Filter>Source Files</Filter>
    </ClCompile>
    <ClCompile Include="src\cp\CpMultiStringMessage.cpp">
      <Filter>Source Files</Filter>
    </ClCompile>
    <ClCompile Include="src\cp\CpPeerCall.cpp">
      <Filter>Source Files</Filter>
    </ClCompile>
    <ClCompile Include="src\cp\CpStringMessage.cpp">
      <Filter>Source Files</Filter>
    </ClCompile>
    <ClCompile Include="src\cp\CSeqManager.cpp">
      <Filter>Source Files</Filter>
    </ClCompile>
    <ClCompile Include="src\cp\SipConnection.cpp">
      <Filter>Source Files</Filter>
    </ClCompile>
    <ClCompile Include="src\tao\TaoEvent.cpp">
      <Filter>Source Files</Filter>
    </ClCompile>
    <ClCompile Include="src\tao\TaoEventListener.cpp">
      <Filter>Source Files</Filter>
    </ClCompile>
    <ClCompile Include="src\tao\TaoListenerEventMessage.cpp">
      <Filter>Source Files</Filter>
    </ClCompile>
    <ClCompile Include="src\tao\TaoMessage.cpp">
      <Filter>Source Files</Filter>
    </ClCompile>
    <ClCompile Include="src\tao\TaoObjectMap.cpp">
      <Filter>Source Files</Filter>
    </ClCompile>
    <ClCompile Include="src\tao\TaoReference.cpp">
      <Filter>Source Files</Filter>
    </ClCompile>
    <ClCompile Include="src\tao\TaoString.cpp">
      <Filter>Source Files</Filter>
    </ClCompile>
  </ItemGroup>
  <ItemGroup>
    <ClInclude Include="include\cp\CallManager.h">
      <Filter>Header Files</Filter>
    </ClInclude>
    <ClInclude Include="include\cp\Connection.h">
      <Filter>Header Files</Filter>
    </ClInclude>
    <ClInclude Include="include\cp\CpCall.h">
      <Filter>Header Files</Filter>
    </ClInclude>
    <ClInclude Include="include\cp\CpCallManager.h">
      <Filter>Header Files</Filter>
    </ClInclude>
    <ClInclude Include="include\cp\CpGatewayManager.h">
      <Filter>Header Files</Filter>
    </ClInclude>
    <ClInclude Include="include\cp\CpGhostConnection.h">
      <Filter>Header Files</Filter>
    </ClInclude>
    <ClInclude Include="include\cp\CpIntMessage.h">
      <Filter>Header Files</Filter>
    </ClInclude>
    <ClInclude Include="include\cp\CpMultiStringMessage.h">
      <Filter>Header Files</Filter>
    </ClInclude>
    <ClInclude Include="include\cp\CpPeerCall.h">
      <Filter>Header Files</Filter>
    </ClInclude>
    <ClInclude Include="include\cp\CpStringMessage.h">
      <Filter>Header Files</Filter>
    </ClInclude>
    <ClInclude Include="include\cp\CSeqManager.h">
      <Filter>Header Files</Filter>
    </ClInclude>
    <ClInclude Include="include\cp\DialogEventPublisher.h">
      <Filter>Header Files</Filter>
    </ClInclude>
    <ClInclude Include="include\cp\SipConnection.h">
      <Filter>Header Files</Filter>
    </ClInclude>
  </ItemGroup>
</Project>